// !$*UTF8*$!
{
	archiveVersion = 1;
	classes = {
	};
	objectVersion = 48;
	objects = {

/* Begin PBXBuildFile section */
		DD20F66820672FBD005E838C /* AppDelegate.swift in Sources */ = {isa = PBXBuildFile; fileRef = DD20F66720672FBD005E838C /* AppDelegate.swift */; };
		DD20F67120672FBD005E838C /* Assets.xcassets in Resources */ = {isa = PBXBuildFile; fileRef = DD20F67020672FBD005E838C /* Assets.xcassets */; };
		DD20F67420672FBD005E838C /* LaunchScreen.storyboard in Resources */ = {isa = PBXBuildFile; fileRef = DD20F67220672FBD005E838C /* LaunchScreen.storyboard */; };
		DD2A55E720DD34EF00EA00ED /* ObjectCatalogViewController.swift in Sources */ = {isa = PBXBuildFile; fileRef = DD2A55E620DD34EF00EA00ED /* ObjectCatalogViewController.swift */; };
		DD2A55E920DE12AA00EA00ED /* Constants.swift in Sources */ = {isa = PBXBuildFile; fileRef = DD2A55E820DE12AA00EA00ED /* Constants.swift */; };
		DD2A55EC20DE31FB00EA00ED /* ObjectCatalogCell.swift in Sources */ = {isa = PBXBuildFile; fileRef = DD2A55EB20DE31FB00EA00ED /* ObjectCatalogCell.swift */; };
		DD2A55EE20DE3BD200EA00ED /* UICollectionViewExtensions.swift in Sources */ = {isa = PBXBuildFile; fileRef = DD2A55ED20DE3BD100EA00ED /* UICollectionViewExtensions.swift */; };
		DD38321D21598E5400809856 /* DefaultScene.swift in Sources */ = {isa = PBXBuildFile; fileRef = DD38321C21598E5300809856 /* DefaultScene.swift */; };
		DD43429E215F772A00FF3D91 /* SceneEditorPresentableView.swift in Sources */ = {isa = PBXBuildFile; fileRef = DD43429D215F772A00FF3D91 /* SceneEditorPresentableView.swift */; };
		DD4342A2215F7E4B00FF3D91 /* SceneEditorViewControllerDelegate.swift in Sources */ = {isa = PBXBuildFile; fileRef = DD4342A1215F7E4B00FF3D91 /* SceneEditorViewControllerDelegate.swift */; };
		DD47202A2161E72800028727 /* SceneActionMenuViewControllerDelegate.swift in Sources */ = {isa = PBXBuildFile; fileRef = DD4720292161E72800028727 /* SceneActionMenuViewControllerDelegate.swift */; };
		DD47202D2161F92200028727 /* NotificationExtensions.swift in Sources */ = {isa = PBXBuildFile; fileRef = DD47202C2161F92200028727 /* NotificationExtensions.swift */; };
		DD47202F2161F96A00028727 /* SceneActionMenuView.swift in Sources */ = {isa = PBXBuildFile; fileRef = DD47202E2161F96A00028727 /* SceneActionMenuView.swift */; };
		DD4960B7215B4A3E00B6E016 /* ObjectCatalogPresentableView.swift in Sources */ = {isa = PBXBuildFile; fileRef = DD4960B6215B4A3E00B6E016 /* ObjectCatalogPresentableView.swift */; };
		DD4960BB215B4A6A00B6E016 /* ObjectCatalogView.swift in Sources */ = {isa = PBXBuildFile; fileRef = DD4960BA215B4A6A00B6E016 /* ObjectCatalogView.swift */; };
		DD4960BE215B4A8000B6E016 /* ObjectCatalogViewModel.swift in Sources */ = {isa = PBXBuildFile; fileRef = DD4960BD215B4A8000B6E016 /* ObjectCatalogViewModel.swift */; };
		DD51FEFE208818ED00A0D857 /* SceneEditorViewController.swift in Sources */ = {isa = PBXBuildFile; fileRef = DD51FEFD208818ED00A0D857 /* SceneEditorViewController.swift */; };
		DD638DB720AACA1700395557 /* SceneActionMenuViewController.swift in Sources */ = {isa = PBXBuildFile; fileRef = DD638DB620AACA1700395557 /* SceneActionMenuViewController.swift */; };
		DD638DB920ABD44200395557 /* SceneActionMenuCell.swift in Sources */ = {isa = PBXBuildFile; fileRef = DD638DB820ABD44200395557 /* SceneActionMenuCell.swift */; };
		DD638DC720AC5E0300395557 /* SCNodeExtensions.swift in Sources */ = {isa = PBXBuildFile; fileRef = DD638DC620AC5E0300395557 /* SCNodeExtensions.swift */; };
		DD68C21A2110688A0061100F /* State.swift in Sources */ = {isa = PBXBuildFile; fileRef = DD68C2192110688A0061100F /* State.swift */; };
		DD68C21F2110735C0061100F /* Node.swift in Sources */ = {isa = PBXBuildFile; fileRef = DD68C21E2110735C0061100F /* Node.swift */; };
		DD68C225211581E10061100F /* SCNGeometryExtensions.swift in Sources */ = {isa = PBXBuildFile; fileRef = DD68C224211581E10061100F /* SCNGeometryExtensions.swift */; };
		DD68C2272115879F0061100F /* UIColorExtensions.swift in Sources */ = {isa = PBXBuildFile; fileRef = DD68C2262115879F0061100F /* UIColorExtensions.swift */; };
		DD68C22B211989F30061100F /* SceneFloorColorCell.swift in Sources */ = {isa = PBXBuildFile; fileRef = DD68C22A211989F30061100F /* SceneFloorColorCell.swift */; };
		DD68C2322127BA1F0061100F /* ColorPickerPresentableView.swift in Sources */ = {isa = PBXBuildFile; fileRef = DD68C2312127BA1F0061100F /* ColorPickerPresentableView.swift */; };
		DD68C235212905910061100F /* ColorPickerViewModel.swift in Sources */ = {isa = PBXBuildFile; fileRef = DD68C234212905910061100F /* ColorPickerViewModel.swift */; };
		DD6C16F0210B217A002CB031 /* ViewComponent.swift in Sources */ = {isa = PBXBuildFile; fileRef = DD6C16EF210B217A002CB031 /* ViewComponent.swift */; };
		DD6C16F2210B233D002CB031 /* NodeInspectorPresentableView.swift in Sources */ = {isa = PBXBuildFile; fileRef = DD6C16F1210B233C002CB031 /* NodeInspectorPresentableView.swift */; };
		DD6C16F5210B2423002CB031 /* NodeColorCell.swift in Sources */ = {isa = PBXBuildFile; fileRef = DD6C16F4210B2423002CB031 /* NodeColorCell.swift */; };
		DD6C16F8210B32D5002CB031 /* NodeInspectorViewModel.swift in Sources */ = {isa = PBXBuildFile; fileRef = DD6C16F7210B32D5002CB031 /* NodeInspectorViewModel.swift */; };
		DD6C16FD210C16EF002CB031 /* ColorPickerViewController.swift in Sources */ = {isa = PBXBuildFile; fileRef = DD6C16FC210C16EF002CB031 /* ColorPickerViewController.swift */; };
		DD6CC4232109B0D2009284C6 /* SceneInspectorViewModel.swift in Sources */ = {isa = PBXBuildFile; fileRef = DD6CC4222109B0D2009284C6 /* SceneInspectorViewModel.swift */; };
		DD6CC42C2109B4C5009284C6 /* UIViewExtensions.swift in Sources */ = {isa = PBXBuildFile; fileRef = DD6CC42B2109B4C4009284C6 /* UIViewExtensions.swift */; };
		DD6CC4312109B54F009284C6 /* UIEdgeInsetsExtensions.swift in Sources */ = {isa = PBXBuildFile; fileRef = DD6CC4302109B54E009284C6 /* UIEdgeInsetsExtensions.swift */; };
		DD6CC4332109B94D009284C6 /* UITableViewExtensions.swift in Sources */ = {isa = PBXBuildFile; fileRef = DD6CC4322109B94D009284C6 /* UITableViewExtensions.swift */; };
		DD6CC452210AB626009284C6 /* Presenter.swift in Sources */ = {isa = PBXBuildFile; fileRef = DD6CC451210AB626009284C6 /* Presenter.swift */; };
		DD725CE42164795D0035ECA9 /* ObjectCatalogPresentableViewHelper.swift in Sources */ = {isa = PBXBuildFile; fileRef = DD725CE32164795D0035ECA9 /* ObjectCatalogPresentableViewHelper.swift */; };
		DD8E125F21381BA700D4F4DE /* Style.swift in Sources */ = {isa = PBXBuildFile; fileRef = DD8E125E21381BA700D4F4DE /* Style.swift */; };
		DD8E1261213BE88500D4F4DE /* UtilitiesInspectorViewController.swift in Sources */ = {isa = PBXBuildFile; fileRef = DD8E1260213BE88500D4F4DE /* UtilitiesInspectorViewController.swift */; };
		DD8E1268213CDC6E00D4F4DE /* UtilitiesInspectorView.swift in Sources */ = {isa = PBXBuildFile; fileRef = DD8E1267213CDC6E00D4F4DE /* UtilitiesInspectorView.swift */; };
		DD8E126E213CE11000D4F4DE /* UtilitiesInspectorShareCell.swift in Sources */ = {isa = PBXBuildFile; fileRef = DD8E126D213CE11000D4F4DE /* UtilitiesInspectorShareCell.swift */; };
		DD9C6AEC210ABC54001E4982 /* AttributesInspectorViewController.swift in Sources */ = {isa = PBXBuildFile; fileRef = DD9C6AEB210ABC54001E4982 /* AttributesInspectorViewController.swift */; };
		DD9C6AEE210AC07F001E4982 /* NodeInspectorView.swift in Sources */ = {isa = PBXBuildFile; fileRef = DD9C6AED210AC07F001E4982 /* NodeInspectorView.swift */; };
		DD9C6AF4210AC920001E4982 /* SceneInspectorPresentableView.swift in Sources */ = {isa = PBXBuildFile; fileRef = DD9C6AF3210AC920001E4982 /* SceneInspectorPresentableView.swift */; };
		DD9D811F21716AB0006638F8 /* NodeAnimationMenuView.swift in Sources */ = {isa = PBXBuildFile; fileRef = DD9D811E21716AB0006638F8 /* NodeAnimationMenuView.swift */; };
		DD9D812321716DBF006638F8 /* NodeAnimationMenuViewController.swift in Sources */ = {isa = PBXBuildFile; fileRef = DD9D812221716DBF006638F8 /* NodeAnimationMenuViewController.swift */; };
		DD9D81252171A3C0006638F8 /* NodeAnimationMenuCell.swift in Sources */ = {isa = PBXBuildFile; fileRef = DD9D81242171A3C0006638F8 /* NodeAnimationMenuCell.swift */; };
		DD9D81292171A694006638F8 /* NodeAnimationMenuViewControllerDelegate.swift in Sources */ = {isa = PBXBuildFile; fileRef = DD9D81282171A694006638F8 /* NodeAnimationMenuViewControllerDelegate.swift */; };
		DDBA24B0215349C4003C9CAF /* DocumentBrowserViewController.swift in Sources */ = {isa = PBXBuildFile; fileRef = DDBA24AF215349C3003C9CAF /* DocumentBrowserViewController.swift */; };
		DDBA24B92153CADA003C9CAF /* SceneDocument.swift in Sources */ = {isa = PBXBuildFile; fileRef = DDBA24B82153CADA003C9CAF /* SceneDocument.swift */; };
		DDBA24BD2153CC8C003C9CAF /* DocumentError.swift in Sources */ = {isa = PBXBuildFile; fileRef = DDBA24BC2153CC8C003C9CAF /* DocumentError.swift */; };
		DDBA24C22153D0D5003C9CAF /* DefaultSceneViewModel.swift in Sources */ = {isa = PBXBuildFile; fileRef = DDBA24C12153D0D5003C9CAF /* DefaultSceneViewModel.swift */; };
		DDBA24C42153D309003C9CAF /* DocumentBrowserViewControllerDelegate.swift in Sources */ = {isa = PBXBuildFile; fileRef = DDBA24C32153D309003C9CAF /* DocumentBrowserViewControllerDelegate.swift */; };
		DDBA24C72153D3A6003C9CAF /* UIApplicationExtensions.swift in Sources */ = {isa = PBXBuildFile; fileRef = DDBA24C62153D3A6003C9CAF /* UIApplicationExtensions.swift */; };
		DDBA24CC21579255003C9CAF /* SceneEditorView.swift in Sources */ = {isa = PBXBuildFile; fileRef = DDBA24CB21579255003C9CAF /* SceneEditorView.swift */; };
		DDCB7F82214B92770003B34A /* UIImageExtensions.swift in Sources */ = {isa = PBXBuildFile; fileRef = DDCB7F81214B92770003B34A /* UIImageExtensions.swift */; };
		DDCB7F88214BB5C40003B34A /* RootNavigationController.swift in Sources */ = {isa = PBXBuildFile; fileRef = DDCB7F87214BB5C40003B34A /* RootNavigationController.swift */; };
		DDDDACC2213CE41900F9DF5D /* SceneBackgroundColorCell.swift in Sources */ = {isa = PBXBuildFile; fileRef = DDDDACC1213CE41900F9DF5D /* SceneBackgroundColorCell.swift */; };
		DDE60E4621731BB30052E506 /* MoveAnimationAttributesView.swift in Sources */ = {isa = PBXBuildFile; fileRef = DDE60E4521731BB30052E506 /* MoveAnimationAttributesView.swift */; };
		DDE60E4B21731E030052E506 /* AnimationDurationCell.swift in Sources */ = {isa = PBXBuildFile; fileRef = DDE60E4A21731E030052E506 /* AnimationDurationCell.swift */; };
		DDEF325E20DF776100FEE793 /* Box.scn in Resources */ = {isa = PBXBuildFile; fileRef = DDEF325D20DF776100FEE793 /* Box.scn */; };
		DDEF326120DF797F00FEE793 /* Pyramid.scn in Resources */ = {isa = PBXBuildFile; fileRef = DDEF326020DF797F00FEE793 /* Pyramid.scn */; };
		DDF38F5D2164B8330000069E /* ObjectCatalogViewControllerDelegate.swift in Sources */ = {isa = PBXBuildFile; fileRef = DDF38F5C2164B8330000069E /* ObjectCatalogViewControllerDelegate.swift */; };
		DDF38F60216C96CB0000069E /* UtilitiesInspectorViewControllerDelegate.swift in Sources */ = {isa = PBXBuildFile; fileRef = DDF38F5F216C96CB0000069E /* UtilitiesInspectorViewControllerDelegate.swift */; };
		DDF38F62216C97A80000069E /* UtilitiesInspectorExportCell.swift in Sources */ = {isa = PBXBuildFile; fileRef = DDF38F61216C97A80000069E /* UtilitiesInspectorExportCell.swift */; };
		DDF38F69216E193A0000069E /* PresentationViewController.swift in Sources */ = {isa = PBXBuildFile; fileRef = DDF38F68216E193A0000069E /* PresentationViewController.swift */; };
		DDF38F6B216E2ABA0000069E /* PresentationViewControllerDelegate.swift in Sources */ = {isa = PBXBuildFile; fileRef = DDF38F6A216E2ABA0000069E /* PresentationViewControllerDelegate.swift */; };
		DDFC63E520F5DD0E00109EC5 /* ColorPickerView.swift in Sources */ = {isa = PBXBuildFile; fileRef = DDFC63E420F5DD0E00109EC5 /* ColorPickerView.swift */; };
		DDFC63ED20F9CDCC00109EC5 /* SceneInspectorView.swift in Sources */ = {isa = PBXBuildFile; fileRef = DDFC63EC20F9CDCC00109EC5 /* SceneInspectorView.swift */; };
/* End PBXBuildFile section */

/* Begin PBXFileReference section */
		DD20F66420672FBD005E838C /* SceneKit-Grid-Experiment.app */ = {isa = PBXFileReference; explicitFileType = wrapper.application; includeInIndex = 0; path = "SceneKit-Grid-Experiment.app"; sourceTree = BUILT_PRODUCTS_DIR; };
		DD20F66720672FBD005E838C /* AppDelegate.swift */ = {isa = PBXFileReference; lastKnownFileType = sourcecode.swift; path = AppDelegate.swift; sourceTree = "<group>"; };
		DD20F67020672FBD005E838C /* Assets.xcassets */ = {isa = PBXFileReference; lastKnownFileType = folder.assetcatalog; path = Assets.xcassets; sourceTree = "<group>"; };
		DD20F67320672FBD005E838C /* Base */ = {isa = PBXFileReference; lastKnownFileType = file.storyboard; name = Base; path = Base.lproj/LaunchScreen.storyboard; sourceTree = "<group>"; };
		DD20F67520672FBD005E838C /* Info.plist */ = {isa = PBXFileReference; lastKnownFileType = text.plist.xml; path = Info.plist; sourceTree = "<group>"; };
		DD2A55E620DD34EF00EA00ED /* ObjectCatalogViewController.swift */ = {isa = PBXFileReference; lastKnownFileType = sourcecode.swift; path = ObjectCatalogViewController.swift; sourceTree = "<group>"; };
		DD2A55E820DE12AA00EA00ED /* Constants.swift */ = {isa = PBXFileReference; lastKnownFileType = sourcecode.swift; path = Constants.swift; sourceTree = "<group>"; };
		DD2A55EB20DE31FB00EA00ED /* ObjectCatalogCell.swift */ = {isa = PBXFileReference; lastKnownFileType = sourcecode.swift; path = ObjectCatalogCell.swift; sourceTree = "<group>"; };
		DD2A55ED20DE3BD100EA00ED /* UICollectionViewExtensions.swift */ = {isa = PBXFileReference; fileEncoding = 4; lastKnownFileType = sourcecode.swift; path = UICollectionViewExtensions.swift; sourceTree = "<group>"; };
		DD38321C21598E5300809856 /* DefaultScene.swift */ = {isa = PBXFileReference; fileEncoding = 4; lastKnownFileType = sourcecode.swift; path = DefaultScene.swift; sourceTree = "<group>"; };
		DD43429D215F772A00FF3D91 /* SceneEditorPresentableView.swift */ = {isa = PBXFileReference; lastKnownFileType = sourcecode.swift; path = SceneEditorPresentableView.swift; sourceTree = "<group>"; };
		DD4342A1215F7E4B00FF3D91 /* SceneEditorViewControllerDelegate.swift */ = {isa = PBXFileReference; fileEncoding = 4; lastKnownFileType = sourcecode.swift; path = SceneEditorViewControllerDelegate.swift; sourceTree = "<group>"; };
		DD4720292161E72800028727 /* SceneActionMenuViewControllerDelegate.swift */ = {isa = PBXFileReference; lastKnownFileType = sourcecode.swift; path = SceneActionMenuViewControllerDelegate.swift; sourceTree = "<group>"; };
		DD47202C2161F92200028727 /* NotificationExtensions.swift */ = {isa = PBXFileReference; lastKnownFileType = sourcecode.swift; path = NotificationExtensions.swift; sourceTree = "<group>"; };
		DD47202E2161F96A00028727 /* SceneActionMenuView.swift */ = {isa = PBXFileReference; fileEncoding = 4; lastKnownFileType = sourcecode.swift; path = SceneActionMenuView.swift; sourceTree = "<group>"; };
		DD4960B6215B4A3E00B6E016 /* ObjectCatalogPresentableView.swift */ = {isa = PBXFileReference; lastKnownFileType = sourcecode.swift; path = ObjectCatalogPresentableView.swift; sourceTree = "<group>"; };
		DD4960BA215B4A6A00B6E016 /* ObjectCatalogView.swift */ = {isa = PBXFileReference; lastKnownFileType = sourcecode.swift; path = ObjectCatalogView.swift; sourceTree = "<group>"; };
		DD4960BD215B4A8000B6E016 /* ObjectCatalogViewModel.swift */ = {isa = PBXFileReference; lastKnownFileType = sourcecode.swift; path = ObjectCatalogViewModel.swift; sourceTree = "<group>"; };
		DD51FEFD208818ED00A0D857 /* SceneEditorViewController.swift */ = {isa = PBXFileReference; lastKnownFileType = sourcecode.swift; path = SceneEditorViewController.swift; sourceTree = "<group>"; };
		DD638DB620AACA1700395557 /* SceneActionMenuViewController.swift */ = {isa = PBXFileReference; lastKnownFileType = sourcecode.swift; path = SceneActionMenuViewController.swift; sourceTree = "<group>"; };
		DD638DB820ABD44200395557 /* SceneActionMenuCell.swift */ = {isa = PBXFileReference; lastKnownFileType = sourcecode.swift; path = SceneActionMenuCell.swift; sourceTree = "<group>"; };
		DD638DC620AC5E0300395557 /* SCNodeExtensions.swift */ = {isa = PBXFileReference; lastKnownFileType = sourcecode.swift; path = SCNodeExtensions.swift; sourceTree = "<group>"; };
		DD68C2192110688A0061100F /* State.swift */ = {isa = PBXFileReference; lastKnownFileType = sourcecode.swift; path = State.swift; sourceTree = "<group>"; };
		DD68C21E2110735C0061100F /* Node.swift */ = {isa = PBXFileReference; lastKnownFileType = sourcecode.swift; path = Node.swift; sourceTree = "<group>"; };
		DD68C224211581E10061100F /* SCNGeometryExtensions.swift */ = {isa = PBXFileReference; lastKnownFileType = sourcecode.swift; path = SCNGeometryExtensions.swift; sourceTree = "<group>"; };
		DD68C2262115879F0061100F /* UIColorExtensions.swift */ = {isa = PBXFileReference; lastKnownFileType = sourcecode.swift; path = UIColorExtensions.swift; sourceTree = "<group>"; };
		DD68C22A211989F30061100F /* SceneFloorColorCell.swift */ = {isa = PBXFileReference; lastKnownFileType = sourcecode.swift; path = SceneFloorColorCell.swift; sourceTree = "<group>"; };
		DD68C2312127BA1F0061100F /* ColorPickerPresentableView.swift */ = {isa = PBXFileReference; lastKnownFileType = sourcecode.swift; path = ColorPickerPresentableView.swift; sourceTree = "<group>"; };
		DD68C234212905910061100F /* ColorPickerViewModel.swift */ = {isa = PBXFileReference; lastKnownFileType = sourcecode.swift; path = ColorPickerViewModel.swift; sourceTree = "<group>"; };
		DD6C16EF210B217A002CB031 /* ViewComponent.swift */ = {isa = PBXFileReference; lastKnownFileType = sourcecode.swift; path = ViewComponent.swift; sourceTree = "<group>"; };
		DD6C16F1210B233C002CB031 /* NodeInspectorPresentableView.swift */ = {isa = PBXFileReference; lastKnownFileType = sourcecode.swift; path = NodeInspectorPresentableView.swift; sourceTree = "<group>"; };
		DD6C16F4210B2423002CB031 /* NodeColorCell.swift */ = {isa = PBXFileReference; lastKnownFileType = sourcecode.swift; path = NodeColorCell.swift; sourceTree = "<group>"; };
		DD6C16F7210B32D5002CB031 /* NodeInspectorViewModel.swift */ = {isa = PBXFileReference; lastKnownFileType = sourcecode.swift; path = NodeInspectorViewModel.swift; sourceTree = "<group>"; };
		DD6C16FC210C16EF002CB031 /* ColorPickerViewController.swift */ = {isa = PBXFileReference; lastKnownFileType = sourcecode.swift; path = ColorPickerViewController.swift; sourceTree = "<group>"; };
		DD6CC4222109B0D2009284C6 /* SceneInspectorViewModel.swift */ = {isa = PBXFileReference; lastKnownFileType = sourcecode.swift; path = SceneInspectorViewModel.swift; sourceTree = "<group>"; };
		DD6CC42B2109B4C4009284C6 /* UIViewExtensions.swift */ = {isa = PBXFileReference; fileEncoding = 4; lastKnownFileType = sourcecode.swift; path = UIViewExtensions.swift; sourceTree = "<group>"; };
		DD6CC4302109B54E009284C6 /* UIEdgeInsetsExtensions.swift */ = {isa = PBXFileReference; fileEncoding = 4; lastKnownFileType = sourcecode.swift; path = UIEdgeInsetsExtensions.swift; sourceTree = "<group>"; };
		DD6CC4322109B94D009284C6 /* UITableViewExtensions.swift */ = {isa = PBXFileReference; fileEncoding = 4; lastKnownFileType = sourcecode.swift; path = UITableViewExtensions.swift; sourceTree = "<group>"; };
		DD6CC451210AB626009284C6 /* Presenter.swift */ = {isa = PBXFileReference; lastKnownFileType = sourcecode.swift; path = Presenter.swift; sourceTree = "<group>"; };
		DD725CE32164795D0035ECA9 /* ObjectCatalogPresentableViewHelper.swift */ = {isa = PBXFileReference; lastKnownFileType = sourcecode.swift; path = ObjectCatalogPresentableViewHelper.swift; sourceTree = "<group>"; };
		DD8E125E21381BA700D4F4DE /* Style.swift */ = {isa = PBXFileReference; lastKnownFileType = sourcecode.swift; path = Style.swift; sourceTree = "<group>"; };
		DD8E1260213BE88500D4F4DE /* UtilitiesInspectorViewController.swift */ = {isa = PBXFileReference; lastKnownFileType = sourcecode.swift; path = UtilitiesInspectorViewController.swift; sourceTree = "<group>"; };
		DD8E1267213CDC6E00D4F4DE /* UtilitiesInspectorView.swift */ = {isa = PBXFileReference; lastKnownFileType = sourcecode.swift; path = UtilitiesInspectorView.swift; sourceTree = "<group>"; };
		DD8E126D213CE11000D4F4DE /* UtilitiesInspectorShareCell.swift */ = {isa = PBXFileReference; lastKnownFileType = sourcecode.swift; path = UtilitiesInspectorShareCell.swift; sourceTree = "<group>"; };
		DD9C6AEB210ABC54001E4982 /* AttributesInspectorViewController.swift */ = {isa = PBXFileReference; fileEncoding = 4; lastKnownFileType = sourcecode.swift; path = AttributesInspectorViewController.swift; sourceTree = "<group>"; };
		DD9C6AED210AC07F001E4982 /* NodeInspectorView.swift */ = {isa = PBXFileReference; lastKnownFileType = sourcecode.swift; path = NodeInspectorView.swift; sourceTree = "<group>"; };
		DD9C6AF3210AC920001E4982 /* SceneInspectorPresentableView.swift */ = {isa = PBXFileReference; lastKnownFileType = sourcecode.swift; path = SceneInspectorPresentableView.swift; sourceTree = "<group>"; };
		DD9D811E21716AB0006638F8 /* NodeAnimationMenuView.swift */ = {isa = PBXFileReference; lastKnownFileType = sourcecode.swift; path = NodeAnimationMenuView.swift; sourceTree = "<group>"; };
		DD9D812221716DBF006638F8 /* NodeAnimationMenuViewController.swift */ = {isa = PBXFileReference; lastKnownFileType = sourcecode.swift; path = NodeAnimationMenuViewController.swift; sourceTree = "<group>"; };
		DD9D81242171A3C0006638F8 /* NodeAnimationMenuCell.swift */ = {isa = PBXFileReference; lastKnownFileType = sourcecode.swift; path = NodeAnimationMenuCell.swift; sourceTree = "<group>"; };
		DD9D81282171A694006638F8 /* NodeAnimationMenuViewControllerDelegate.swift */ = {isa = PBXFileReference; lastKnownFileType = sourcecode.swift; path = NodeAnimationMenuViewControllerDelegate.swift; sourceTree = "<group>"; };
		DDBA24AF215349C3003C9CAF /* DocumentBrowserViewController.swift */ = {isa = PBXFileReference; fileEncoding = 4; lastKnownFileType = sourcecode.swift; path = DocumentBrowserViewController.swift; sourceTree = "<group>"; };
		DDBA24B82153CADA003C9CAF /* SceneDocument.swift */ = {isa = PBXFileReference; lastKnownFileType = sourcecode.swift; path = SceneDocument.swift; sourceTree = "<group>"; };
		DDBA24BC2153CC8C003C9CAF /* DocumentError.swift */ = {isa = PBXFileReference; lastKnownFileType = sourcecode.swift; path = DocumentError.swift; sourceTree = "<group>"; };
		DDBA24C12153D0D5003C9CAF /* DefaultSceneViewModel.swift */ = {isa = PBXFileReference; lastKnownFileType = sourcecode.swift; path = DefaultSceneViewModel.swift; sourceTree = "<group>"; };
		DDBA24C32153D309003C9CAF /* DocumentBrowserViewControllerDelegate.swift */ = {isa = PBXFileReference; lastKnownFileType = sourcecode.swift; path = DocumentBrowserViewControllerDelegate.swift; sourceTree = "<group>"; };
		DDBA24C62153D3A6003C9CAF /* UIApplicationExtensions.swift */ = {isa = PBXFileReference; lastKnownFileType = sourcecode.swift; path = UIApplicationExtensions.swift; sourceTree = "<group>"; };
		DDBA24CB21579255003C9CAF /* SceneEditorView.swift */ = {isa = PBXFileReference; lastKnownFileType = sourcecode.swift; path = SceneEditorView.swift; sourceTree = "<group>"; };
		DDCB7F81214B92770003B34A /* UIImageExtensions.swift */ = {isa = PBXFileReference; lastKnownFileType = sourcecode.swift; path = UIImageExtensions.swift; sourceTree = "<group>"; };
		DDCB7F87214BB5C40003B34A /* RootNavigationController.swift */ = {isa = PBXFileReference; fileEncoding = 4; lastKnownFileType = sourcecode.swift; path = RootNavigationController.swift; sourceTree = "<group>"; };
		DDDDACC1213CE41900F9DF5D /* SceneBackgroundColorCell.swift */ = {isa = PBXFileReference; fileEncoding = 4; lastKnownFileType = sourcecode.swift; path = SceneBackgroundColorCell.swift; sourceTree = "<group>"; };
		DDE60E4521731BB30052E506 /* MoveAnimationAttributesView.swift */ = {isa = PBXFileReference; lastKnownFileType = sourcecode.swift; path = MoveAnimationAttributesView.swift; sourceTree = "<group>"; };
		DDE60E4A21731E030052E506 /* AnimationDurationCell.swift */ = {isa = PBXFileReference; lastKnownFileType = sourcecode.swift; path = AnimationDurationCell.swift; sourceTree = "<group>"; };
		DDEF325D20DF776100FEE793 /* Box.scn */ = {isa = PBXFileReference; lastKnownFileType = file.bplist; path = Box.scn; sourceTree = "<group>"; };
		DDEF326020DF797F00FEE793 /* Pyramid.scn */ = {isa = PBXFileReference; lastKnownFileType = file.bplist; path = Pyramid.scn; sourceTree = "<group>"; };
		DDF38F5C2164B8330000069E /* ObjectCatalogViewControllerDelegate.swift */ = {isa = PBXFileReference; lastKnownFileType = sourcecode.swift; path = ObjectCatalogViewControllerDelegate.swift; sourceTree = "<group>"; };
		DDF38F5F216C96CB0000069E /* UtilitiesInspectorViewControllerDelegate.swift */ = {isa = PBXFileReference; lastKnownFileType = sourcecode.swift; path = UtilitiesInspectorViewControllerDelegate.swift; sourceTree = "<group>"; };
		DDF38F61216C97A80000069E /* UtilitiesInspectorExportCell.swift */ = {isa = PBXFileReference; lastKnownFileType = sourcecode.swift; path = UtilitiesInspectorExportCell.swift; sourceTree = "<group>"; };
		DDF38F68216E193A0000069E /* PresentationViewController.swift */ = {isa = PBXFileReference; fileEncoding = 4; lastKnownFileType = sourcecode.swift; path = PresentationViewController.swift; sourceTree = "<group>"; };
		DDF38F6A216E2ABA0000069E /* PresentationViewControllerDelegate.swift */ = {isa = PBXFileReference; lastKnownFileType = sourcecode.swift; path = PresentationViewControllerDelegate.swift; sourceTree = "<group>"; };
		DDFC63E420F5DD0E00109EC5 /* ColorPickerView.swift */ = {isa = PBXFileReference; lastKnownFileType = sourcecode.swift; path = ColorPickerView.swift; sourceTree = "<group>"; };
		DDFC63EC20F9CDCC00109EC5 /* SceneInspectorView.swift */ = {isa = PBXFileReference; lastKnownFileType = sourcecode.swift; path = SceneInspectorView.swift; sourceTree = "<group>"; };
/* End PBXFileReference section */

/* Begin PBXFrameworksBuildPhase section */
		DD20F66120672FBD005E838C /* Frameworks */ = {
			isa = PBXFrameworksBuildPhase;
			buildActionMask = 2147483647;
			files = (
			);
			runOnlyForDeploymentPostprocessing = 0;
		};
/* End PBXFrameworksBuildPhase section */

/* Begin PBXGroup section */
		DD20F65B20672FBD005E838C = {
			isa = PBXGroup;
			children = (
				DD20F66620672FBD005E838C /* SceneKit-Grid-Experiment */,
				DD20F66520672FBD005E838C /* Products */,
			);
			sourceTree = "<group>";
		};
		DD20F66520672FBD005E838C /* Products */ = {
			isa = PBXGroup;
			children = (
				DD20F66420672FBD005E838C /* SceneKit-Grid-Experiment.app */,
			);
			name = Products;
			sourceTree = "<group>";
		};
		DD20F66620672FBD005E838C /* SceneKit-Grid-Experiment */ = {
			isa = PBXGroup;
			children = (
				DD20F66720672FBD005E838C /* AppDelegate.swift */,
				DD68C2192110688A0061100F /* State.swift */,
				DD638DBC20AC2D3800395557 /* ViewControllers */,
				DD638DC020AC2DA200395557 /* Presenter */,
				DD638DBD20AC2D4200395557 /* Components */,
				DD638DBE20AC2D4800395557 /* Scenes */,
				DD638DC820AC64E800395557 /* Extensions */,
				DD2A55EA20DE12B000EA00ED /* Helpers */,
				DDA37E7D20DD343D005A340C /* Storyboard */,
				DD20F67020672FBD005E838C /* Assets.xcassets */,
				DD20F67520672FBD005E838C /* Info.plist */,
			);
			path = "SceneKit-Grid-Experiment";
			sourceTree = "<group>";
		};
		DD2A55EA20DE12B000EA00ED /* Helpers */ = {
			isa = PBXGroup;
			children = (
				DD2A55E820DE12AA00EA00ED /* Constants.swift */,
				DD8E125E21381BA700D4F4DE /* Style.swift */,
				DDBA24BC2153CC8C003C9CAF /* DocumentError.swift */,
			);
			path = Helpers;
			sourceTree = "<group>";
		};
		DD38321E215A194100809856 /* Cell */ = {
			isa = PBXGroup;
			children = (
				DD638DB820ABD44200395557 /* SceneActionMenuCell.swift */,
			);
			path = Cell;
			sourceTree = "<group>";
		};
		DD43429C215F770C00FF3D91 /* SceneEditorView */ = {
			isa = PBXGroup;
			children = (
				DDBA24CB21579255003C9CAF /* SceneEditorView.swift */,
			);
			path = SceneEditorView;
			sourceTree = "<group>";
		};
		DD43429F215F772E00FF3D91 /* Presentable */ = {
			isa = PBXGroup;
			children = (
				DD43429D215F772A00FF3D91 /* SceneEditorPresentableView.swift */,
			);
			path = Presentable;
			sourceTree = "<group>";
		};
		DD4342A3215F7E7400FF3D91 /* SceneEditor */ = {
			isa = PBXGroup;
			children = (
				DD51FEFD208818ED00A0D857 /* SceneEditorViewController.swift */,
				DD4342A1215F7E4B00FF3D91 /* SceneEditorViewControllerDelegate.swift */,
			);
			path = SceneEditor;
			sourceTree = "<group>";
		};
		DD4720282161E70900028727 /* SceneActionMenu */ = {
			isa = PBXGroup;
			children = (
				DD638DB620AACA1700395557 /* SceneActionMenuViewController.swift */,
				DD4720292161E72800028727 /* SceneActionMenuViewControllerDelegate.swift */,
			);
			path = SceneActionMenu;
			sourceTree = "<group>";
		};
		DD47202B2161E8F400028727 /* DocumentBrowser */ = {
			isa = PBXGroup;
			children = (
				DDBA24AF215349C3003C9CAF /* DocumentBrowserViewController.swift */,
				DDBA24C32153D309003C9CAF /* DocumentBrowserViewControllerDelegate.swift */,
			);
			path = DocumentBrowser;
			sourceTree = "<group>";
		};
		DD4960B8215B4A4200B6E016 /* ObjectCatalog */ = {
			isa = PBXGroup;
			children = (
				DD4960B9215B4A4F00B6E016 /* Presentable */,
				DD4960BC215B4A6E00B6E016 /* ObjectCatalogView */,
				DDFC63E320F1FE5900109EC5 /* Cells */,
				DD4960BF215B4A8300B6E016 /* Model */,
			);
			path = ObjectCatalog;
			sourceTree = "<group>";
		};
		DD4960B9215B4A4F00B6E016 /* Presentable */ = {
			isa = PBXGroup;
			children = (
				DD4960B6215B4A3E00B6E016 /* ObjectCatalogPresentableView.swift */,
				DD725CE32164795D0035ECA9 /* ObjectCatalogPresentableViewHelper.swift */,
			);
			path = Presentable;
			sourceTree = "<group>";
		};
		DD4960BC215B4A6E00B6E016 /* ObjectCatalogView */ = {
			isa = PBXGroup;
			children = (
				DD4960BA215B4A6A00B6E016 /* ObjectCatalogView.swift */,
			);
			path = ObjectCatalogView;
			sourceTree = "<group>";
		};
		DD4960BF215B4A8300B6E016 /* Model */ = {
			isa = PBXGroup;
			children = (
				DD4960BD215B4A8000B6E016 /* ObjectCatalogViewModel.swift */,
			);
			path = Model;
			sourceTree = "<group>";
		};
		DD638DBC20AC2D3800395557 /* ViewControllers */ = {
			isa = PBXGroup;
			children = (
				DDCB7F87214BB5C40003B34A /* RootNavigationController.swift */,
				DD47202B2161E8F400028727 /* DocumentBrowser */,
				DD4342A3215F7E7400FF3D91 /* SceneEditor */,
				DD4720282161E70900028727 /* SceneActionMenu */,
				DDF38F592164ADE70000069E /* ObjectCatalog */,
				DDF38F5E216C96B60000069E /* UtilitiesInspector */,
				DDF38F67216DFD1B0000069E /* Presentation */,
				DD9D81272171A646006638F8 /* NodeAnimationMenu */,
				DD9C6AEB210ABC54001E4982 /* AttributesInspectorViewController.swift */,
				DD6C16FC210C16EF002CB031 /* ColorPickerViewController.swift */,
			);
			path = ViewControllers;
			sourceTree = "<group>";
		};
		DD638DBD20AC2D4200395557 /* Components */ = {
			isa = PBXGroup;
			children = (
				DD6C16EF210B217A002CB031 /* ViewComponent.swift */,
				DDE60E4721731BB90052E506 /* Animation */,
				DDBA24D02158A040003C9CAF /* SceneActionMenu */,
				DDBA24CD2157925C003C9CAF /* SceneEditor */,
				DDBA24BA2153CADF003C9CAF /* DocumentBrowser */,
				DD9C6AEF210AC087001E4982 /* NodeInspector */,
				DD6CC4202109A7CF009284C6 /* SceneInspector */,
				DD8E1265213CDC0C00D4F4DE /* UtilitiesInspector */,
				DD4960B8215B4A4200B6E016 /* ObjectCatalog */,
				DD6CC44A2109C3CD009284C6 /* ColorPicker */,
			);
			path = Components;
			sourceTree = "<group>";
		};
		DD638DBE20AC2D4800395557 /* Scenes */ = {
			isa = PBXGroup;
			children = (
				DD68C22C2122B9C00061100F /* Default */,
				DDBA24B421535056003C9CAF /* Models */,
			);
			path = Scenes;
			sourceTree = "<group>";
		};
		DD638DC020AC2DA200395557 /* Presenter */ = {
			isa = PBXGroup;
			children = (
				DD6CC451210AB626009284C6 /* Presenter.swift */,
			);
			path = Presenter;
			sourceTree = "<group>";
		};
		DD638DC820AC64E800395557 /* Extensions */ = {
			isa = PBXGroup;
			children = (
				DD47202C2161F92200028727 /* NotificationExtensions.swift */,
				DD6CC42E2109B4E2009284C6 /* UIKit */,
				DD6CC42F2109B4E7009284C6 /* SceneKit */,
			);
			path = Extensions;
			sourceTree = "<group>";
		};
		DD68C22C2122B9C00061100F /* Default */ = {
			isa = PBXGroup;
			children = (
				DD38321C21598E5300809856 /* DefaultScene.swift */,
			);
			path = Default;
			sourceTree = "<group>";
		};
		DD68C2302127B9DB0061100F /* ColorPickerView */ = {
			isa = PBXGroup;
			children = (
				DDFC63E420F5DD0E00109EC5 /* ColorPickerView.swift */,
			);
			path = ColorPickerView;
			sourceTree = "<group>";
		};
		DD68C2332127BA240061100F /* Presentable */ = {
			isa = PBXGroup;
			children = (
				DD68C2312127BA1F0061100F /* ColorPickerPresentableView.swift */,
			);
			path = Presentable;
			sourceTree = "<group>";
		};
		DD68C236212905950061100F /* Model */ = {
			isa = PBXGroup;
			children = (
				DD68C234212905910061100F /* ColorPickerViewModel.swift */,
			);
			path = Model;
			sourceTree = "<group>";
		};
		DD6C16F3210B2343002CB031 /* Presentable */ = {
			isa = PBXGroup;
			children = (
				DD6C16F1210B233C002CB031 /* NodeInspectorPresentableView.swift */,
			);
			path = Presentable;
			sourceTree = "<group>";
		};
		DD6C16F6210B2426002CB031 /* Cell */ = {
			isa = PBXGroup;
			children = (
				DD6C16F4210B2423002CB031 /* NodeColorCell.swift */,
			);
			path = Cell;
			sourceTree = "<group>";
		};
		DD6C16F9210B32DA002CB031 /* Model */ = {
			isa = PBXGroup;
			children = (
				DD6C16F7210B32D5002CB031 /* NodeInspectorViewModel.swift */,
			);
			path = Model;
			sourceTree = "<group>";
		};
		DD6CC41D2109A685009284C6 /* SceneInspectorView */ = {
			isa = PBXGroup;
			children = (
				DDFC63EC20F9CDCC00109EC5 /* SceneInspectorView.swift */,
			);
			path = SceneInspectorView;
			sourceTree = "<group>";
		};
		DD6CC4202109A7CF009284C6 /* SceneInspector */ = {
			isa = PBXGroup;
			children = (
				DD9C6AF5210AF4C2001E4982 /* Presentable */,
				DD6CC4212109AB2A009284C6 /* Cell */,
				DD6CC41D2109A685009284C6 /* SceneInspectorView */,
				DD6CC4242109B0D5009284C6 /* Model */,
			);
			path = SceneInspector;
			sourceTree = "<group>";
		};
		DD6CC4212109AB2A009284C6 /* Cell */ = {
			isa = PBXGroup;
			children = (
				DDDDACC1213CE41900F9DF5D /* SceneBackgroundColorCell.swift */,
				DD68C22A211989F30061100F /* SceneFloorColorCell.swift */,
			);
			path = Cell;
			sourceTree = "<group>";
		};
		DD6CC4242109B0D5009284C6 /* Model */ = {
			isa = PBXGroup;
			children = (
				DDBA24C12153D0D5003C9CAF /* DefaultSceneViewModel.swift */,
				DD6CC4222109B0D2009284C6 /* SceneInspectorViewModel.swift */,
			);
			path = Model;
			sourceTree = "<group>";
		};
		DD6CC42E2109B4E2009284C6 /* UIKit */ = {
			isa = PBXGroup;
			children = (
				DD6CC42B2109B4C4009284C6 /* UIViewExtensions.swift */,
				DD6CC4302109B54E009284C6 /* UIEdgeInsetsExtensions.swift */,
				DD2A55ED20DE3BD100EA00ED /* UICollectionViewExtensions.swift */,
				DD6CC4322109B94D009284C6 /* UITableViewExtensions.swift */,
				DD68C2262115879F0061100F /* UIColorExtensions.swift */,
				DDCB7F81214B92770003B34A /* UIImageExtensions.swift */,
				DDBA24C62153D3A6003C9CAF /* UIApplicationExtensions.swift */,
			);
			path = UIKit;
			sourceTree = "<group>";
		};
		DD6CC42F2109B4E7009284C6 /* SceneKit */ = {
			isa = PBXGroup;
			children = (
				DD638DC620AC5E0300395557 /* SCNodeExtensions.swift */,
				DD68C224211581E10061100F /* SCNGeometryExtensions.swift */,
			);
			path = SceneKit;
			sourceTree = "<group>";
		};
		DD6CC44A2109C3CD009284C6 /* ColorPicker */ = {
			isa = PBXGroup;
			children = (
				DD68C2332127BA240061100F /* Presentable */,
				DD68C2302127B9DB0061100F /* ColorPickerView */,
				DD68C236212905950061100F /* Model */,
			);
			path = ColorPicker;
			sourceTree = "<group>";
		};
		DD8E1265213CDC0C00D4F4DE /* UtilitiesInspector */ = {
			isa = PBXGroup;
			children = (
				DD8E1269213CDC7F00D4F4DE /* UtilitiesView */,
				DD8E126F213CE11300D4F4DE /* Cell */,
			);
			path = UtilitiesInspector;
			sourceTree = "<group>";
		};
		DD8E1269213CDC7F00D4F4DE /* UtilitiesView */ = {
			isa = PBXGroup;
			children = (
				DD8E1267213CDC6E00D4F4DE /* UtilitiesInspectorView.swift */,
			);
			path = UtilitiesView;
			sourceTree = "<group>";
		};
		DD8E126F213CE11300D4F4DE /* Cell */ = {
			isa = PBXGroup;
			children = (
				DD8E126D213CE11000D4F4DE /* UtilitiesInspectorShareCell.swift */,
				DDF38F61216C97A80000069E /* UtilitiesInspectorExportCell.swift */,
			);
			path = Cell;
			sourceTree = "<group>";
		};
		DD9C6AEF210AC087001E4982 /* NodeInspector */ = {
			isa = PBXGroup;
			children = (
				DD6C16F3210B2343002CB031 /* Presentable */,
				DD9C6AF0210AC0FB001E4982 /* NodeInspectorView */,
				DD6C16F6210B2426002CB031 /* Cell */,
				DD6C16F9210B32DA002CB031 /* Model */,
			);
			path = NodeInspector;
			sourceTree = "<group>";
		};
		DD9C6AF0210AC0FB001E4982 /* NodeInspectorView */ = {
			isa = PBXGroup;
			children = (
				DD9C6AED210AC07F001E4982 /* NodeInspectorView.swift */,
			);
			path = NodeInspectorView;
			sourceTree = "<group>";
		};
		DD9C6AF5210AF4C2001E4982 /* Presentable */ = {
			isa = PBXGroup;
			children = (
				DD9C6AF3210AC920001E4982 /* SceneInspectorPresentableView.swift */,
			);
			path = Presentable;
			sourceTree = "<group>";
		};
		DD9D812021716AB5006638F8 /* NodeAnimationMenu */ = {
			isa = PBXGroup;
			children = (
				DD9D812121716AE6006638F8 /* NodeAnimationMenuView */,
				DD9D81262171A3C3006638F8 /* Cell */,
			);
			path = NodeAnimationMenu;
			sourceTree = "<group>";
		};
		DD9D812121716AE6006638F8 /* NodeAnimationMenuView */ = {
			isa = PBXGroup;
			children = (
				DD9D811E21716AB0006638F8 /* NodeAnimationMenuView.swift */,
			);
			path = NodeAnimationMenuView;
			sourceTree = "<group>";
		};
		DD9D81262171A3C3006638F8 /* Cell */ = {
			isa = PBXGroup;
			children = (
				DD9D81242171A3C0006638F8 /* NodeAnimationMenuCell.swift */,
			);
			path = Cell;
			sourceTree = "<group>";
		};
		DD9D81272171A646006638F8 /* NodeAnimationMenu */ = {
			isa = PBXGroup;
			children = (
				DD9D812221716DBF006638F8 /* NodeAnimationMenuViewController.swift */,
				DD9D81282171A694006638F8 /* NodeAnimationMenuViewControllerDelegate.swift */,
			);
			path = NodeAnimationMenu;
			sourceTree = "<group>";
		};
		DDA37E7D20DD343D005A340C /* Storyboard */ = {
			isa = PBXGroup;
			children = (
				DD20F67220672FBD005E838C /* LaunchScreen.storyboard */,
			);
			path = Storyboard;
			sourceTree = "<group>";
		};
		DDBA24B421535056003C9CAF /* Models */ = {
			isa = PBXGroup;
			children = (
				DDEF325D20DF776100FEE793 /* Box.scn */,
				DDEF326020DF797F00FEE793 /* Pyramid.scn */,
			);
			path = Models;
			sourceTree = "<group>";
		};
		DDBA24BA2153CADF003C9CAF /* DocumentBrowser */ = {
			isa = PBXGroup;
			children = (
				DDBA24BB2153CAE7003C9CAF /* Model */,
			);
			path = DocumentBrowser;
			sourceTree = "<group>";
		};
		DDBA24BB2153CAE7003C9CAF /* Model */ = {
			isa = PBXGroup;
			children = (
				DDBA24B82153CADA003C9CAF /* SceneDocument.swift */,
				DD68C21E2110735C0061100F /* Node.swift */,
			);
			path = Model;
			sourceTree = "<group>";
		};
		DDBA24CD2157925C003C9CAF /* SceneEditor */ = {
			isa = PBXGroup;
			children = (
				DD43429F215F772E00FF3D91 /* Presentable */,
				DD43429C215F770C00FF3D91 /* SceneEditorView */,
			);
			path = SceneEditor;
			sourceTree = "<group>";
		};
		DDBA24D02158A040003C9CAF /* SceneActionMenu */ = {
			isa = PBXGroup;
			children = (
				DDBA24D42158A094003C9CAF /* SceneActionMenuView */,
				DD38321E215A194100809856 /* Cell */,
			);
			path = SceneActionMenu;
			sourceTree = "<group>";
		};
		DDBA24D42158A094003C9CAF /* SceneActionMenuView */ = {
			isa = PBXGroup;
			children = (
				DD47202E2161F96A00028727 /* SceneActionMenuView.swift */,
			);
			path = SceneActionMenuView;
			sourceTree = "<group>";
		};
		DDE60E4721731BB90052E506 /* Animation */ = {
			isa = PBXGroup;
			children = (
				DDE60E4A21731E030052E506 /* AnimationDurationCell.swift */,
				DD9D812021716AB5006638F8 /* NodeAnimationMenu */,
				DDE60E4821731BC60052E506 /* MoveAnimationAttributes */,
			);
			path = Animation;
			sourceTree = "<group>";
		};
		DDE60E4821731BC60052E506 /* MoveAnimationAttributes */ = {
			isa = PBXGroup;
			children = (
				DDE60E4921731BE30052E506 /* MoveAnimationAttributesView */,
			);
			path = MoveAnimationAttributes;
			sourceTree = "<group>";
		};
		DDE60E4921731BE30052E506 /* MoveAnimationAttributesView */ = {
			isa = PBXGroup;
			children = (
				DDE60E4521731BB30052E506 /* MoveAnimationAttributesView.swift */,
			);
			path = MoveAnimationAttributesView;
			sourceTree = "<group>";
		};
		DDF38F592164ADE70000069E /* ObjectCatalog */ = {
			isa = PBXGroup;
			children = (
				DD2A55E620DD34EF00EA00ED /* ObjectCatalogViewController.swift */,
				DDF38F5C2164B8330000069E /* ObjectCatalogViewControllerDelegate.swift */,
			);
			path = ObjectCatalog;
			sourceTree = "<group>";
		};
		DDF38F5E216C96B60000069E /* UtilitiesInspector */ = {
			isa = PBXGroup;
			children = (
				DD8E1260213BE88500D4F4DE /* UtilitiesInspectorViewController.swift */,
				DDF38F5F216C96CB0000069E /* UtilitiesInspectorViewControllerDelegate.swift */,
			);
			path = UtilitiesInspector;
			sourceTree = "<group>";
		};
		DDF38F67216DFD1B0000069E /* Presentation */ = {
			isa = PBXGroup;
			children = (
				DDF38F68216E193A0000069E /* PresentationViewController.swift */,
				DDF38F6A216E2ABA0000069E /* PresentationViewControllerDelegate.swift */,
			);
			path = Presentation;
			sourceTree = "<group>";
		};
		DDFC63E320F1FE5900109EC5 /* Cells */ = {
			isa = PBXGroup;
			children = (
				DD2A55EB20DE31FB00EA00ED /* ObjectCatalogCell.swift */,
			);
			path = Cells;
			sourceTree = "<group>";
		};
/* End PBXGroup section */

/* Begin PBXNativeTarget section */
		DD20F66320672FBD005E838C /* SceneKit-Grid-Experiment */ = {
			isa = PBXNativeTarget;
			buildConfigurationList = DD20F68320672FBD005E838C /* Build configuration list for PBXNativeTarget "SceneKit-Grid-Experiment" */;
			buildPhases = (
				DD20F66020672FBD005E838C /* Sources */,
				DD20F66120672FBD005E838C /* Frameworks */,
				DD20F66220672FBD005E838C /* Resources */,
			);
			buildRules = (
			);
			dependencies = (
			);
			name = "SceneKit-Grid-Experiment";
			productName = "SceneKit-Grid-Experiment";
			productReference = DD20F66420672FBD005E838C /* SceneKit-Grid-Experiment.app */;
			productType = "com.apple.product-type.application";
		};
/* End PBXNativeTarget section */

/* Begin PBXProject section */
		DD20F65C20672FBD005E838C /* Project object */ = {
			isa = PBXProject;
			attributes = {
				LastSwiftUpdateCheck = 0920;
				LastUpgradeCheck = 0930;
				ORGANIZATIONNAME = "Trevin Wisaksana";
				TargetAttributes = {
					DD20F66320672FBD005E838C = {
						CreatedOnToolsVersion = 9.2;
						LastSwiftMigration = 1000;
						ProvisioningStyle = Automatic;
					};
				};
			};
			buildConfigurationList = DD20F65F20672FBD005E838C /* Build configuration list for PBXProject "SceneKit-Grid-Experiment" */;
			compatibilityVersion = "Xcode 8.0";
			developmentRegion = en;
			hasScannedForEncodings = 0;
			knownRegions = (
				en,
				Base,
			);
			mainGroup = DD20F65B20672FBD005E838C;
			productRefGroup = DD20F66520672FBD005E838C /* Products */;
			projectDirPath = "";
			projectRoot = "";
			targets = (
				DD20F66320672FBD005E838C /* SceneKit-Grid-Experiment */,
			);
		};
/* End PBXProject section */

/* Begin PBXResourcesBuildPhase section */
		DD20F66220672FBD005E838C /* Resources */ = {
			isa = PBXResourcesBuildPhase;
			buildActionMask = 2147483647;
			files = (
				DDEF326120DF797F00FEE793 /* Pyramid.scn in Resources */,
				DD20F67420672FBD005E838C /* LaunchScreen.storyboard in Resources */,
				DDEF325E20DF776100FEE793 /* Box.scn in Resources */,
				DD20F67120672FBD005E838C /* Assets.xcassets in Resources */,
			);
			runOnlyForDeploymentPostprocessing = 0;
		};
/* End PBXResourcesBuildPhase section */

/* Begin PBXSourcesBuildPhase section */
		DD20F66020672FBD005E838C /* Sources */ = {
			isa = PBXSourcesBuildPhase;
			buildActionMask = 2147483647;
			files = (
				DDF38F60216C96CB0000069E /* UtilitiesInspectorViewControllerDelegate.swift in Sources */,
				DD9D812321716DBF006638F8 /* NodeAnimationMenuViewController.swift in Sources */,
				DD47202A2161E72800028727 /* SceneActionMenuViewControllerDelegate.swift in Sources */,
				DDE60E4B21731E030052E506 /* AnimationDurationCell.swift in Sources */,
				DD725CE42164795D0035ECA9 /* ObjectCatalogPresentableViewHelper.swift in Sources */,
				DDBA24C42153D309003C9CAF /* DocumentBrowserViewControllerDelegate.swift in Sources */,
				DD9D811F21716AB0006638F8 /* NodeAnimationMenuView.swift in Sources */,
				DD638DB920ABD44200395557 /* SceneActionMenuCell.swift in Sources */,
				DD8E126E213CE11000D4F4DE /* UtilitiesInspectorShareCell.swift in Sources */,
				DD638DC720AC5E0300395557 /* SCNodeExtensions.swift in Sources */,
				DDBA24BD2153CC8C003C9CAF /* DocumentError.swift in Sources */,
				DD51FEFE208818ED00A0D857 /* SceneEditorViewController.swift in Sources */,
				DD47202F2161F96A00028727 /* SceneActionMenuView.swift in Sources */,
				DD68C235212905910061100F /* ColorPickerViewModel.swift in Sources */,
				DD8E1261213BE88500D4F4DE /* UtilitiesInspectorViewController.swift in Sources */,
				DDF38F5D2164B8330000069E /* ObjectCatalogViewControllerDelegate.swift in Sources */,
				DDFC63ED20F9CDCC00109EC5 /* SceneInspectorView.swift in Sources */,
				DD20F66820672FBD005E838C /* AppDelegate.swift in Sources */,
				DD9C6AEE210AC07F001E4982 /* NodeInspectorView.swift in Sources */,
				DDDDACC2213CE41900F9DF5D /* SceneBackgroundColorCell.swift in Sources */,
				DD6C16FD210C16EF002CB031 /* ColorPickerViewController.swift in Sources */,
				DD43429E215F772A00FF3D91 /* SceneEditorPresentableView.swift in Sources */,
				DD6C16F5210B2423002CB031 /* NodeColorCell.swift in Sources */,
				DD68C225211581E10061100F /* SCNGeometryExtensions.swift in Sources */,
				DDCB7F88214BB5C40003B34A /* RootNavigationController.swift in Sources */,
				DDBA24B0215349C4003C9CAF /* DocumentBrowserViewController.swift in Sources */,
				DD6C16F2210B233D002CB031 /* NodeInspectorPresentableView.swift in Sources */,
				DD38321D21598E5400809856 /* DefaultScene.swift in Sources */,
				DD68C2322127BA1F0061100F /* ColorPickerPresentableView.swift in Sources */,
				DD2A55E920DE12AA00EA00ED /* Constants.swift in Sources */,
				DD9D81292171A694006638F8 /* NodeAnimationMenuViewControllerDelegate.swift in Sources */,
				DD68C21F2110735C0061100F /* Node.swift in Sources */,
				DD4342A2215F7E4B00FF3D91 /* SceneEditorViewControllerDelegate.swift in Sources */,
				DD6C16F0210B217A002CB031 /* ViewComponent.swift in Sources */,
				DD4960BB215B4A6A00B6E016 /* ObjectCatalogView.swift in Sources */,
				DD2A55E720DD34EF00EA00ED /* ObjectCatalogViewController.swift in Sources */,
				DDBA24B92153CADA003C9CAF /* SceneDocument.swift in Sources */,
				DD6CC42C2109B4C5009284C6 /* UIViewExtensions.swift in Sources */,
				DD6CC4332109B94D009284C6 /* UITableViewExtensions.swift in Sources */,
				DD2A55EC20DE31FB00EA00ED /* ObjectCatalogCell.swift in Sources */,
				DDF38F62216C97A80000069E /* UtilitiesInspectorExportCell.swift in Sources */,
				DD6CC452210AB626009284C6 /* Presenter.swift in Sources */,
				DD68C22B211989F30061100F /* SceneFloorColorCell.swift in Sources */,
				DD9D81252171A3C0006638F8 /* NodeAnimationMenuCell.swift in Sources */,
				DD638DB720AACA1700395557 /* SceneActionMenuViewController.swift in Sources */,
				DDF38F69216E193A0000069E /* PresentationViewController.swift in Sources */,
				DDF38F6B216E2ABA0000069E /* PresentationViewControllerDelegate.swift in Sources */,
				DDFC63E520F5DD0E00109EC5 /* ColorPickerView.swift in Sources */,
				DDBA24C72153D3A6003C9CAF /* UIApplicationExtensions.swift in Sources */,
				DD47202D2161F92200028727 /* NotificationExtensions.swift in Sources */,
				DD8E125F21381BA700D4F4DE /* Style.swift in Sources */,
				DD68C21A2110688A0061100F /* State.swift in Sources */,
				DD2A55EE20DE3BD200EA00ED /* UICollectionViewExtensions.swift in Sources */,
				DD4960B7215B4A3E00B6E016 /* ObjectCatalogPresentableView.swift in Sources */,
				DDE60E4621731BB30052E506 /* MoveAnimationAttributesView.swift in Sources */,
				DD68C2272115879F0061100F /* UIColorExtensions.swift in Sources */,
				DD6CC4232109B0D2009284C6 /* SceneInspectorViewModel.swift in Sources */,
				DDBA24CC21579255003C9CAF /* SceneEditorView.swift in Sources */,
				DDCB7F82214B92770003B34A /* UIImageExtensions.swift in Sources */,
				DD6CC4312109B54F009284C6 /* UIEdgeInsetsExtensions.swift in Sources */,
				DD6C16F8210B32D5002CB031 /* NodeInspectorViewModel.swift in Sources */,
				DD9C6AEC210ABC54001E4982 /* AttributesInspectorViewController.swift in Sources */,
				DDBA24C22153D0D5003C9CAF /* DefaultSceneViewModel.swift in Sources */,
				DD9C6AF4210AC920001E4982 /* SceneInspectorPresentableView.swift in Sources */,
				DD8E1268213CDC6E00D4F4DE /* UtilitiesInspectorView.swift in Sources */,
				DD4960BE215B4A8000B6E016 /* ObjectCatalogViewModel.swift in Sources */,
			);
			runOnlyForDeploymentPostprocessing = 0;
		};
/* End PBXSourcesBuildPhase section */

/* Begin PBXVariantGroup section */
		DD20F67220672FBD005E838C /* LaunchScreen.storyboard */ = {
			isa = PBXVariantGroup;
			children = (
				DD20F67320672FBD005E838C /* Base */,
			);
			name = LaunchScreen.storyboard;
			sourceTree = "<group>";
		};
/* End PBXVariantGroup section */

/* Begin XCBuildConfiguration section */
		DD20F68120672FBD005E838C /* Debug */ = {
			isa = XCBuildConfiguration;
			buildSettings = {
				ALWAYS_SEARCH_USER_PATHS = NO;
				CLANG_ANALYZER_NONNULL = YES;
				CLANG_ANALYZER_NUMBER_OBJECT_CONVERSION = YES_AGGRESSIVE;
				CLANG_CXX_LANGUAGE_STANDARD = "gnu++14";
				CLANG_CXX_LIBRARY = "libc++";
				CLANG_ENABLE_MODULES = YES;
				CLANG_ENABLE_OBJC_ARC = YES;
				CLANG_WARN_BLOCK_CAPTURE_AUTORELEASING = YES;
				CLANG_WARN_BOOL_CONVERSION = YES;
				CLANG_WARN_COMMA = YES;
				CLANG_WARN_CONSTANT_CONVERSION = YES;
				CLANG_WARN_DEPRECATED_OBJC_IMPLEMENTATIONS = YES;
				CLANG_WARN_DIRECT_OBJC_ISA_USAGE = YES_ERROR;
				CLANG_WARN_DOCUMENTATION_COMMENTS = YES;
				CLANG_WARN_EMPTY_BODY = YES;
				CLANG_WARN_ENUM_CONVERSION = YES;
				CLANG_WARN_INFINITE_RECURSION = YES;
				CLANG_WARN_INT_CONVERSION = YES;
				CLANG_WARN_NON_LITERAL_NULL_CONVERSION = YES;
				CLANG_WARN_OBJC_IMPLICIT_RETAIN_SELF = YES;
				CLANG_WARN_OBJC_LITERAL_CONVERSION = YES;
				CLANG_WARN_OBJC_ROOT_CLASS = YES_ERROR;
				CLANG_WARN_RANGE_LOOP_ANALYSIS = YES;
				CLANG_WARN_STRICT_PROTOTYPES = YES;
				CLANG_WARN_SUSPICIOUS_MOVE = YES;
				CLANG_WARN_UNGUARDED_AVAILABILITY = YES_AGGRESSIVE;
				CLANG_WARN_UNREACHABLE_CODE = YES;
				CLANG_WARN__DUPLICATE_METHOD_MATCH = YES;
				CODE_SIGN_IDENTITY = "iPhone Developer";
				COPY_PHASE_STRIP = NO;
				DEBUG_INFORMATION_FORMAT = dwarf;
				ENABLE_STRICT_OBJC_MSGSEND = YES;
				ENABLE_TESTABILITY = YES;
				GCC_C_LANGUAGE_STANDARD = gnu11;
				GCC_DYNAMIC_NO_PIC = NO;
				GCC_NO_COMMON_BLOCKS = YES;
				GCC_OPTIMIZATION_LEVEL = 0;
				GCC_PREPROCESSOR_DEFINITIONS = (
					"DEBUG=1",
					"$(inherited)",
				);
				GCC_WARN_64_TO_32_BIT_CONVERSION = YES;
				GCC_WARN_ABOUT_RETURN_TYPE = YES_ERROR;
				GCC_WARN_UNDECLARED_SELECTOR = YES;
				GCC_WARN_UNINITIALIZED_AUTOS = YES_AGGRESSIVE;
				GCC_WARN_UNUSED_FUNCTION = YES;
				GCC_WARN_UNUSED_VARIABLE = YES;
				IPHONEOS_DEPLOYMENT_TARGET = 11.2;
				MTL_ENABLE_DEBUG_INFO = YES;
				ONLY_ACTIVE_ARCH = YES;
				SDKROOT = iphoneos;
				SWIFT_ACTIVE_COMPILATION_CONDITIONS = DEBUG;
				SWIFT_OPTIMIZATION_LEVEL = "-Onone";
			};
			name = Debug;
		};
		DD20F68220672FBD005E838C /* Release */ = {
			isa = XCBuildConfiguration;
			buildSettings = {
				ALWAYS_SEARCH_USER_PATHS = NO;
				CLANG_ANALYZER_NONNULL = YES;
				CLANG_ANALYZER_NUMBER_OBJECT_CONVERSION = YES_AGGRESSIVE;
				CLANG_CXX_LANGUAGE_STANDARD = "gnu++14";
				CLANG_CXX_LIBRARY = "libc++";
				CLANG_ENABLE_MODULES = YES;
				CLANG_ENABLE_OBJC_ARC = YES;
				CLANG_WARN_BLOCK_CAPTURE_AUTORELEASING = YES;
				CLANG_WARN_BOOL_CONVERSION = YES;
				CLANG_WARN_COMMA = YES;
				CLANG_WARN_CONSTANT_CONVERSION = YES;
				CLANG_WARN_DEPRECATED_OBJC_IMPLEMENTATIONS = YES;
				CLANG_WARN_DIRECT_OBJC_ISA_USAGE = YES_ERROR;
				CLANG_WARN_DOCUMENTATION_COMMENTS = YES;
				CLANG_WARN_EMPTY_BODY = YES;
				CLANG_WARN_ENUM_CONVERSION = YES;
				CLANG_WARN_INFINITE_RECURSION = YES;
				CLANG_WARN_INT_CONVERSION = YES;
				CLANG_WARN_NON_LITERAL_NULL_CONVERSION = YES;
				CLANG_WARN_OBJC_IMPLICIT_RETAIN_SELF = YES;
				CLANG_WARN_OBJC_LITERAL_CONVERSION = YES;
				CLANG_WARN_OBJC_ROOT_CLASS = YES_ERROR;
				CLANG_WARN_RANGE_LOOP_ANALYSIS = YES;
				CLANG_WARN_STRICT_PROTOTYPES = YES;
				CLANG_WARN_SUSPICIOUS_MOVE = YES;
				CLANG_WARN_UNGUARDED_AVAILABILITY = YES_AGGRESSIVE;
				CLANG_WARN_UNREACHABLE_CODE = YES;
				CLANG_WARN__DUPLICATE_METHOD_MATCH = YES;
				CODE_SIGN_IDENTITY = "iPhone Developer";
				COPY_PHASE_STRIP = NO;
				DEBUG_INFORMATION_FORMAT = "dwarf-with-dsym";
				ENABLE_NS_ASSERTIONS = NO;
				ENABLE_STRICT_OBJC_MSGSEND = YES;
				GCC_C_LANGUAGE_STANDARD = gnu11;
				GCC_NO_COMMON_BLOCKS = YES;
				GCC_WARN_64_TO_32_BIT_CONVERSION = YES;
				GCC_WARN_ABOUT_RETURN_TYPE = YES_ERROR;
				GCC_WARN_UNDECLARED_SELECTOR = YES;
				GCC_WARN_UNINITIALIZED_AUTOS = YES_AGGRESSIVE;
				GCC_WARN_UNUSED_FUNCTION = YES;
				GCC_WARN_UNUSED_VARIABLE = YES;
				IPHONEOS_DEPLOYMENT_TARGET = 11.2;
				MTL_ENABLE_DEBUG_INFO = NO;
				SDKROOT = iphoneos;
				SWIFT_OPTIMIZATION_LEVEL = "-Owholemodule";
				VALIDATE_PRODUCT = YES;
			};
			name = Release;
		};
		DD20F68420672FBD005E838C /* Debug */ = {
			isa = XCBuildConfiguration;
			buildSettings = {
				ASSETCATALOG_COMPILER_APPICON_NAME = AppIcon;
				CODE_SIGN_STYLE = Automatic;
				DEVELOPMENT_TEAM = 9ME882KZTA;
				INFOPLIST_FILE = "SceneKit-Grid-Experiment/Info.plist";
				IPHONEOS_DEPLOYMENT_TARGET = 12.0;
				LD_RUNPATH_SEARCH_PATHS = "$(inherited) @executable_path/Frameworks";
				PRODUCT_BUNDLE_IDENTIFIER = com.trevinwisaksana.Livenote;
				PRODUCT_NAME = "$(TARGET_NAME)";
				SWIFT_VERSION = 4.2;
				TARGETED_DEVICE_FAMILY = "1,2";
			};
			name = Debug;
		};
		DD20F68520672FBD005E838C /* Release */ = {
			isa = XCBuildConfiguration;
			buildSettings = {
				ASSETCATALOG_COMPILER_APPICON_NAME = AppIcon;
				CODE_SIGN_STYLE = Automatic;
				DEVELOPMENT_TEAM = 9ME882KZTA;
				INFOPLIST_FILE = "SceneKit-Grid-Experiment/Info.plist";
				IPHONEOS_DEPLOYMENT_TARGET = 12.0;
				LD_RUNPATH_SEARCH_PATHS = "$(inherited) @executable_path/Frameworks";
				PRODUCT_BUNDLE_IDENTIFIER = com.trevinwisaksana.Livenote;
				PRODUCT_NAME = "$(TARGET_NAME)";
				SWIFT_VERSION = 4.2;
				TARGETED_DEVICE_FAMILY = "1,2";
			};
			name = Release;
		};
/* End XCBuildConfiguration section */

/* Begin XCConfigurationList section */
		DD20F65F20672FBD005E838C /* Build configuration list for PBXProject "SceneKit-Grid-Experiment" */ = {
			isa = XCConfigurationList;
			buildConfigurations = (
				DD20F68120672FBD005E838C /* Debug */,
				DD20F68220672FBD005E838C /* Release */,
			);
			defaultConfigurationIsVisible = 0;
			defaultConfigurationName = Release;
		};
		DD20F68320672FBD005E838C /* Build configuration list for PBXNativeTarget "SceneKit-Grid-Experiment" */ = {
			isa = XCConfigurationList;
			buildConfigurations = (
				DD20F68420672FBD005E838C /* Debug */,
				DD20F68520672FBD005E838C /* Release */,
			);
			defaultConfigurationIsVisible = 0;
			defaultConfigurationName = Release;
		};
/* End XCConfigurationList section */
	};
	rootObject = DD20F65C20672FBD005E838C /* Project object */;
}
