// !$*UTF8*$!
{
	archiveVersion = 1;
	classes = {
	};
	objectVersion = 48;
	objects = {

/* Begin PBXBuildFile section */
		DD20F66820672FBD005E838C /* AppDelegate.swift in Sources */ = {isa = PBXBuildFile; fileRef = DD20F66720672FBD005E838C /* AppDelegate.swift */; };
		DD20F66F20672FBD005E838C /* Main.storyboard in Resources */ = {isa = PBXBuildFile; fileRef = DD20F66D20672FBD005E838C /* Main.storyboard */; };
		DD20F67120672FBD005E838C /* Assets.xcassets in Resources */ = {isa = PBXBuildFile; fileRef = DD20F67020672FBD005E838C /* Assets.xcassets */; };
		DD20F67420672FBD005E838C /* LaunchScreen.storyboard in Resources */ = {isa = PBXBuildFile; fileRef = DD20F67220672FBD005E838C /* LaunchScreen.storyboard */; };
		DD20F68C20673184005E838C /* GridScene.swift in Sources */ = {isa = PBXBuildFile; fileRef = DD20F68B20673184005E838C /* GridScene.swift */; };
		DD2A55E720DD34EF00EA00ED /* ObjectCatalogViewController.swift in Sources */ = {isa = PBXBuildFile; fileRef = DD2A55E620DD34EF00EA00ED /* ObjectCatalogViewController.swift */; };
		DD2A55E920DE12AA00EA00ED /* Constants.swift in Sources */ = {isa = PBXBuildFile; fileRef = DD2A55E820DE12AA00EA00ED /* Constants.swift */; };
		DD2A55EC20DE31FB00EA00ED /* ObjectCatalogCell.swift in Sources */ = {isa = PBXBuildFile; fileRef = DD2A55EB20DE31FB00EA00ED /* ObjectCatalogCell.swift */; };
		DD2A55EE20DE3BD200EA00ED /* UICollectionViewExtensions.swift in Sources */ = {isa = PBXBuildFile; fileRef = DD2A55ED20DE3BD100EA00ED /* UICollectionViewExtensions.swift */; };
		DD51FEFE208818ED00A0D857 /* SceneViewController.swift in Sources */ = {isa = PBXBuildFile; fileRef = DD51FEFD208818ED00A0D857 /* SceneViewController.swift */; };
		DD5D15FE20AFCC9600935E9E /* MenuViewController.swift in Sources */ = {isa = PBXBuildFile; fileRef = DD5D15FD20AFCC9600935E9E /* MenuViewController.swift */; };
		DD638DB720AACA1700395557 /* PopoverMenuViewController.swift in Sources */ = {isa = PBXBuildFile; fileRef = DD638DB620AACA1700395557 /* PopoverMenuViewController.swift */; };
		DD638DB920ABD44200395557 /* PopoverMenuCell.swift in Sources */ = {isa = PBXBuildFile; fileRef = DD638DB820ABD44200395557 /* PopoverMenuCell.swift */; };
		DD638DC220AC2E0200395557 /* GameViewModel.swift in Sources */ = {isa = PBXBuildFile; fileRef = DD638DC120AC2E0200395557 /* GameViewModel.swift */; };
		DD638DC520AC2E1800395557 /* PopoverMenuViewModel.swift in Sources */ = {isa = PBXBuildFile; fileRef = DD638DC420AC2E1800395557 /* PopoverMenuViewModel.swift */; };
		DD638DC720AC5E0300395557 /* SCNodeExtensions.swift in Sources */ = {isa = PBXBuildFile; fileRef = DD638DC620AC5E0300395557 /* SCNodeExtensions.swift */; };
		DD68C21A2110688A0061100F /* State.swift in Sources */ = {isa = PBXBuildFile; fileRef = DD68C2192110688A0061100F /* State.swift */; };
		DD68C21F2110735C0061100F /* Node.swift in Sources */ = {isa = PBXBuildFile; fileRef = DD68C21E2110735C0061100F /* Node.swift */; };
		DD68C221211076690061100F /* Scene.swift in Sources */ = {isa = PBXBuildFile; fileRef = DD68C220211076690061100F /* Scene.swift */; };
		DD6C16F0210B217A002CB031 /* ViewComponent.swift in Sources */ = {isa = PBXBuildFile; fileRef = DD6C16EF210B217A002CB031 /* ViewComponent.swift */; };
		DD6C16F2210B233D002CB031 /* NodeInspectorPresentableView.swift in Sources */ = {isa = PBXBuildFile; fileRef = DD6C16F1210B233C002CB031 /* NodeInspectorPresentableView.swift */; };
		DD6C16F5210B2423002CB031 /* NodeColorCell.swift in Sources */ = {isa = PBXBuildFile; fileRef = DD6C16F4210B2423002CB031 /* NodeColorCell.swift */; };
		DD6C16F8210B32D5002CB031 /* NodeInspectorViewModel.swift in Sources */ = {isa = PBXBuildFile; fileRef = DD6C16F7210B32D5002CB031 /* NodeInspectorViewModel.swift */; };
		DD6C16FD210C16EF002CB031 /* ColorPickerViewController.swift in Sources */ = {isa = PBXBuildFile; fileRef = DD6C16FC210C16EF002CB031 /* ColorPickerViewController.swift */; };
		DD6CC4232109B0D2009284C6 /* SceneInspectorViewModel.swift in Sources */ = {isa = PBXBuildFile; fileRef = DD6CC4222109B0D2009284C6 /* SceneInspectorViewModel.swift */; };
		DD6CC4282109B396009284C6 /* Color.swift in Sources */ = {isa = PBXBuildFile; fileRef = DD6CC4272109B396009284C6 /* Color.swift */; };
		DD6CC42C2109B4C5009284C6 /* UIViewExtensions.swift in Sources */ = {isa = PBXBuildFile; fileRef = DD6CC42B2109B4C4009284C6 /* UIViewExtensions.swift */; };
		DD6CC4312109B54F009284C6 /* UIEdgeInsetsExtensions.swift in Sources */ = {isa = PBXBuildFile; fileRef = DD6CC4302109B54E009284C6 /* UIEdgeInsetsExtensions.swift */; };
		DD6CC4332109B94D009284C6 /* UITableViewExtensions.swift in Sources */ = {isa = PBXBuildFile; fileRef = DD6CC4322109B94D009284C6 /* UITableViewExtensions.swift */; };
		DD6CC44E2109C6AE009284C6 /* SceneBackgroundColorCell.swift in Sources */ = {isa = PBXBuildFile; fileRef = DD6CC44D2109C6AE009284C6 /* SceneBackgroundColorCell.swift */; };
		DD6CC450210A111A009284C6 /* SCNSceneExtensions.swift in Sources */ = {isa = PBXBuildFile; fileRef = DD6CC44F210A111A009284C6 /* SCNSceneExtensions.swift */; };
		DD6CC452210AB626009284C6 /* Presenter.swift in Sources */ = {isa = PBXBuildFile; fileRef = DD6CC451210AB626009284C6 /* Presenter.swift */; };
		DD9C6AEC210ABC54001E4982 /* AttributesInspectorViewController.swift in Sources */ = {isa = PBXBuildFile; fileRef = DD9C6AEB210ABC54001E4982 /* AttributesInspectorViewController.swift */; };
		DD9C6AEE210AC07F001E4982 /* NodeInspectorView.swift in Sources */ = {isa = PBXBuildFile; fileRef = DD9C6AED210AC07F001E4982 /* NodeInspectorView.swift */; };
		DD9C6AF2210AC1BB001E4982 /* SceneDocumentCell.swift in Sources */ = {isa = PBXBuildFile; fileRef = DD9C6AF1210AC1BB001E4982 /* SceneDocumentCell.swift */; };
		DD9C6AF4210AC920001E4982 /* SceneInspectorPresentableView.swift in Sources */ = {isa = PBXBuildFile; fileRef = DD9C6AF3210AC920001E4982 /* SceneInspectorPresentableView.swift */; };
		DDEF325C20DF70CF00FEE793 /* Model.swift in Sources */ = {isa = PBXBuildFile; fileRef = DDEF325B20DF70CF00FEE793 /* Model.swift */; };
		DDEF325E20DF776100FEE793 /* Box.scn in Resources */ = {isa = PBXBuildFile; fileRef = DDEF325D20DF776100FEE793 /* Box.scn */; };
		DDEF326120DF797F00FEE793 /* Pyramid.scn in Resources */ = {isa = PBXBuildFile; fileRef = DDEF326020DF797F00FEE793 /* Pyramid.scn */; };
		DDEF326720E618AF00FEE793 /* ObjectAttributeViewModel.swift in Sources */ = {isa = PBXBuildFile; fileRef = DDEF326620E618AF00FEE793 /* ObjectAttributeViewModel.swift */; };
		DDEF326D20E75C6400FEE793 /* DoneView.swift in Sources */ = {isa = PBXBuildFile; fileRef = DDEF326C20E75C6400FEE793 /* DoneView.swift */; };
		DDFC63E520F5DD0E00109EC5 /* ColorPickerView.swift in Sources */ = {isa = PBXBuildFile; fileRef = DDFC63E420F5DD0E00109EC5 /* ColorPickerView.swift */; };
		DDFC63E920F87E2300109EC5 /* RecentsCollectionReusableView.swift in Sources */ = {isa = PBXBuildFile; fileRef = DDFC63E820F87E2300109EC5 /* RecentsCollectionReusableView.swift */; };
		DDFC63ED20F9CDCC00109EC5 /* SceneInspectorView.swift in Sources */ = {isa = PBXBuildFile; fileRef = DDFC63EC20F9CDCC00109EC5 /* SceneInspectorView.swift */; };
/* End PBXBuildFile section */

/* Begin PBXContainerItemProxy section */
		DD20F67B20672FBD005E838C /* PBXContainerItemProxy */ = {
			isa = PBXContainerItemProxy;
			containerPortal = DD20F65C20672FBD005E838C /* Project object */;
			proxyType = 1;
			remoteGlobalIDString = DD20F66320672FBD005E838C;
			remoteInfo = "SceneKit-Grid-Experiment";
		};
/* End PBXContainerItemProxy section */

/* Begin PBXFileReference section */
		DD20F66420672FBD005E838C /* SceneKit-Grid-Experiment.app */ = {isa = PBXFileReference; explicitFileType = wrapper.application; includeInIndex = 0; path = "SceneKit-Grid-Experiment.app"; sourceTree = BUILT_PRODUCTS_DIR; };
		DD20F66720672FBD005E838C /* AppDelegate.swift */ = {isa = PBXFileReference; lastKnownFileType = sourcecode.swift; path = AppDelegate.swift; sourceTree = "<group>"; };
		DD20F66E20672FBD005E838C /* Base */ = {isa = PBXFileReference; lastKnownFileType = file.storyboard; name = Base; path = Base.lproj/Main.storyboard; sourceTree = "<group>"; };
		DD20F67020672FBD005E838C /* Assets.xcassets */ = {isa = PBXFileReference; lastKnownFileType = folder.assetcatalog; path = Assets.xcassets; sourceTree = "<group>"; };
		DD20F67320672FBD005E838C /* Base */ = {isa = PBXFileReference; lastKnownFileType = file.storyboard; name = Base; path = Base.lproj/LaunchScreen.storyboard; sourceTree = "<group>"; };
		DD20F67520672FBD005E838C /* Info.plist */ = {isa = PBXFileReference; lastKnownFileType = text.plist.xml; path = Info.plist; sourceTree = "<group>"; };
		DD20F67A20672FBD005E838C /* SceneKit-Grid-ExperimentTests.xctest */ = {isa = PBXFileReference; explicitFileType = wrapper.cfbundle; includeInIndex = 0; path = "SceneKit-Grid-ExperimentTests.xctest"; sourceTree = BUILT_PRODUCTS_DIR; };
		DD20F68B20673184005E838C /* GridScene.swift */ = {isa = PBXFileReference; lastKnownFileType = sourcecode.swift; path = GridScene.swift; sourceTree = "<group>"; };
		DD2A55E620DD34EF00EA00ED /* ObjectCatalogViewController.swift */ = {isa = PBXFileReference; lastKnownFileType = sourcecode.swift; path = ObjectCatalogViewController.swift; sourceTree = "<group>"; };
		DD2A55E820DE12AA00EA00ED /* Constants.swift */ = {isa = PBXFileReference; lastKnownFileType = sourcecode.swift; path = Constants.swift; sourceTree = "<group>"; };
		DD2A55EB20DE31FB00EA00ED /* ObjectCatalogCell.swift */ = {isa = PBXFileReference; lastKnownFileType = sourcecode.swift; path = ObjectCatalogCell.swift; sourceTree = "<group>"; };
		DD2A55ED20DE3BD100EA00ED /* UICollectionViewExtensions.swift */ = {isa = PBXFileReference; fileEncoding = 4; lastKnownFileType = sourcecode.swift; path = UICollectionViewExtensions.swift; sourceTree = "<group>"; };
		DD51FEFD208818ED00A0D857 /* SceneViewController.swift */ = {isa = PBXFileReference; lastKnownFileType = sourcecode.swift; path = SceneViewController.swift; sourceTree = "<group>"; };
		DD5D15FD20AFCC9600935E9E /* MenuViewController.swift */ = {isa = PBXFileReference; lastKnownFileType = sourcecode.swift; path = MenuViewController.swift; sourceTree = "<group>"; };
		DD638DB620AACA1700395557 /* PopoverMenuViewController.swift */ = {isa = PBXFileReference; lastKnownFileType = sourcecode.swift; path = PopoverMenuViewController.swift; sourceTree = "<group>"; };
		DD638DB820ABD44200395557 /* PopoverMenuCell.swift */ = {isa = PBXFileReference; lastKnownFileType = sourcecode.swift; path = PopoverMenuCell.swift; sourceTree = "<group>"; };
		DD638DC120AC2E0200395557 /* GameViewModel.swift */ = {isa = PBXFileReference; lastKnownFileType = sourcecode.swift; path = GameViewModel.swift; sourceTree = "<group>"; };
		DD638DC420AC2E1800395557 /* PopoverMenuViewModel.swift */ = {isa = PBXFileReference; lastKnownFileType = sourcecode.swift; path = PopoverMenuViewModel.swift; sourceTree = "<group>"; };
		DD638DC620AC5E0300395557 /* SCNodeExtensions.swift */ = {isa = PBXFileReference; lastKnownFileType = sourcecode.swift; path = SCNodeExtensions.swift; sourceTree = "<group>"; };
		DD68C2192110688A0061100F /* State.swift */ = {isa = PBXFileReference; lastKnownFileType = sourcecode.swift; path = State.swift; sourceTree = "<group>"; };
		DD68C21E2110735C0061100F /* Node.swift */ = {isa = PBXFileReference; lastKnownFileType = sourcecode.swift; path = Node.swift; sourceTree = "<group>"; };
		DD68C220211076690061100F /* Scene.swift */ = {isa = PBXFileReference; lastKnownFileType = sourcecode.swift; path = Scene.swift; sourceTree = "<group>"; };
		DD6C16EF210B217A002CB031 /* ViewComponent.swift */ = {isa = PBXFileReference; lastKnownFileType = sourcecode.swift; path = ViewComponent.swift; sourceTree = "<group>"; };
		DD6C16F1210B233C002CB031 /* NodeInspectorPresentableView.swift */ = {isa = PBXFileReference; lastKnownFileType = sourcecode.swift; path = NodeInspectorPresentableView.swift; sourceTree = "<group>"; };
		DD6C16F4210B2423002CB031 /* NodeColorCell.swift */ = {isa = PBXFileReference; lastKnownFileType = sourcecode.swift; path = NodeColorCell.swift; sourceTree = "<group>"; };
		DD6C16F7210B32D5002CB031 /* NodeInspectorViewModel.swift */ = {isa = PBXFileReference; lastKnownFileType = sourcecode.swift; path = NodeInspectorViewModel.swift; sourceTree = "<group>"; };
		DD6C16FC210C16EF002CB031 /* ColorPickerViewController.swift */ = {isa = PBXFileReference; lastKnownFileType = sourcecode.swift; path = ColorPickerViewController.swift; sourceTree = "<group>"; };
		DD6CC4222109B0D2009284C6 /* SceneInspectorViewModel.swift */ = {isa = PBXFileReference; lastKnownFileType = sourcecode.swift; path = SceneInspectorViewModel.swift; sourceTree = "<group>"; };
		DD6CC4272109B396009284C6 /* Color.swift */ = {isa = PBXFileReference; fileEncoding = 4; lastKnownFileType = sourcecode.swift; path = Color.swift; sourceTree = "<group>"; };
		DD6CC42B2109B4C4009284C6 /* UIViewExtensions.swift */ = {isa = PBXFileReference; fileEncoding = 4; lastKnownFileType = sourcecode.swift; path = UIViewExtensions.swift; sourceTree = "<group>"; };
		DD6CC4302109B54E009284C6 /* UIEdgeInsetsExtensions.swift */ = {isa = PBXFileReference; fileEncoding = 4; lastKnownFileType = sourcecode.swift; path = UIEdgeInsetsExtensions.swift; sourceTree = "<group>"; };
		DD6CC4322109B94D009284C6 /* UITableViewExtensions.swift */ = {isa = PBXFileReference; fileEncoding = 4; lastKnownFileType = sourcecode.swift; path = UITableViewExtensions.swift; sourceTree = "<group>"; };
		DD6CC44D2109C6AE009284C6 /* SceneBackgroundColorCell.swift */ = {isa = PBXFileReference; lastKnownFileType = sourcecode.swift; path = SceneBackgroundColorCell.swift; sourceTree = "<group>"; };
		DD6CC44F210A111A009284C6 /* SCNSceneExtensions.swift */ = {isa = PBXFileReference; lastKnownFileType = sourcecode.swift; path = SCNSceneExtensions.swift; sourceTree = "<group>"; };
		DD6CC451210AB626009284C6 /* Presenter.swift */ = {isa = PBXFileReference; lastKnownFileType = sourcecode.swift; path = Presenter.swift; sourceTree = "<group>"; };
		DD9C6AEB210ABC54001E4982 /* AttributesInspectorViewController.swift */ = {isa = PBXFileReference; fileEncoding = 4; lastKnownFileType = sourcecode.swift; path = AttributesInspectorViewController.swift; sourceTree = "<group>"; };
		DD9C6AED210AC07F001E4982 /* NodeInspectorView.swift */ = {isa = PBXFileReference; lastKnownFileType = sourcecode.swift; path = NodeInspectorView.swift; sourceTree = "<group>"; };
		DD9C6AF1210AC1BB001E4982 /* SceneDocumentCell.swift */ = {isa = PBXFileReference; lastKnownFileType = sourcecode.swift; path = SceneDocumentCell.swift; sourceTree = "<group>"; };
		DD9C6AF3210AC920001E4982 /* SceneInspectorPresentableView.swift */ = {isa = PBXFileReference; lastKnownFileType = sourcecode.swift; path = SceneInspectorPresentableView.swift; sourceTree = "<group>"; };
		DDEF325B20DF70CF00FEE793 /* Model.swift */ = {isa = PBXFileReference; lastKnownFileType = sourcecode.swift; path = Model.swift; sourceTree = "<group>"; };
		DDEF325D20DF776100FEE793 /* Box.scn */ = {isa = PBXFileReference; lastKnownFileType = file.bplist; path = Box.scn; sourceTree = "<group>"; };
		DDEF326020DF797F00FEE793 /* Pyramid.scn */ = {isa = PBXFileReference; lastKnownFileType = file.bplist; path = Pyramid.scn; sourceTree = "<group>"; };
		DDEF326620E618AF00FEE793 /* ObjectAttributeViewModel.swift */ = {isa = PBXFileReference; lastKnownFileType = sourcecode.swift; path = ObjectAttributeViewModel.swift; sourceTree = "<group>"; };
		DDEF326C20E75C6400FEE793 /* DoneView.swift */ = {isa = PBXFileReference; lastKnownFileType = sourcecode.swift; path = DoneView.swift; sourceTree = "<group>"; };
		DDFC63E420F5DD0E00109EC5 /* ColorPickerView.swift */ = {isa = PBXFileReference; lastKnownFileType = sourcecode.swift; path = ColorPickerView.swift; sourceTree = "<group>"; };
		DDFC63E820F87E2300109EC5 /* RecentsCollectionReusableView.swift */ = {isa = PBXFileReference; lastKnownFileType = sourcecode.swift; path = RecentsCollectionReusableView.swift; sourceTree = "<group>"; };
		DDFC63EC20F9CDCC00109EC5 /* SceneInspectorView.swift */ = {isa = PBXFileReference; lastKnownFileType = sourcecode.swift; path = SceneInspectorView.swift; sourceTree = "<group>"; };
/* End PBXFileReference section */

/* Begin PBXFrameworksBuildPhase section */
		DD20F66120672FBD005E838C /* Frameworks */ = {
			isa = PBXFrameworksBuildPhase;
			buildActionMask = 2147483647;
			files = (
			);
			runOnlyForDeploymentPostprocessing = 0;
		};
		DD20F67720672FBD005E838C /* Frameworks */ = {
			isa = PBXFrameworksBuildPhase;
			buildActionMask = 2147483647;
			files = (
			);
			runOnlyForDeploymentPostprocessing = 0;
		};
/* End PBXFrameworksBuildPhase section */

/* Begin PBXGroup section */
		DD20F65B20672FBD005E838C = {
			isa = PBXGroup;
			children = (
				DD20F66620672FBD005E838C /* SceneKit-Grid-Experiment */,
				DD20F66520672FBD005E838C /* Products */,
			);
			sourceTree = "<group>";
		};
		DD20F66520672FBD005E838C /* Products */ = {
			isa = PBXGroup;
			children = (
				DD20F66420672FBD005E838C /* SceneKit-Grid-Experiment.app */,
				DD20F67A20672FBD005E838C /* SceneKit-Grid-ExperimentTests.xctest */,
			);
			name = Products;
			sourceTree = "<group>";
		};
		DD20F66620672FBD005E838C /* SceneKit-Grid-Experiment */ = {
			isa = PBXGroup;
			children = (
				DD20F66720672FBD005E838C /* AppDelegate.swift */,
				DD68C2192110688A0061100F /* State.swift */,
				DD68C21D211073530061100F /* Components */,
				DD6CC4292109B39F009284C6 /* DNA */,
				DD638DBC20AC2D3800395557 /* ViewControllers */,
				DD638DC320AC2E0800395557 /* ViewModels */,
				DD638DC020AC2DA200395557 /* Presenter */,
				DD638DBD20AC2D4200395557 /* ViewComponents */,
				DD638DBF20AC2D9C00395557 /* Models */,
				DD638DBE20AC2D4800395557 /* Scenes */,
				DD638DC820AC64E800395557 /* Extensions */,
				DD2A55EA20DE12B000EA00ED /* Helpers */,
				DDA37E7D20DD343D005A340C /* Storyboard */,
				DD20F67020672FBD005E838C /* Assets.xcassets */,
				DD20F67520672FBD005E838C /* Info.plist */,
			);
			path = "SceneKit-Grid-Experiment";
			sourceTree = "<group>";
		};
		DD2A55EA20DE12B000EA00ED /* Helpers */ = {
			isa = PBXGroup;
			children = (
				DD2A55E820DE12AA00EA00ED /* Constants.swift */,
			);
			path = Helpers;
			sourceTree = "<group>";
		};
		DD638DBC20AC2D3800395557 /* ViewControllers */ = {
			isa = PBXGroup;
			children = (
				DD6C16FB210C15A1002CB031 /* Menu */,
				DD6C16FA210C159C002CB031 /* Scene */,
				DD9C6AF6210B0A43001E4982 /* AttributeInspector */,
				DD6C16FE210C16F3002CB031 /* ColorPicker */,
				DD638DB620AACA1700395557 /* PopoverMenuViewController.swift */,
				DD2A55E620DD34EF00EA00ED /* ObjectCatalogViewController.swift */,
			);
			path = ViewControllers;
			sourceTree = "<group>";
		};
		DD638DBD20AC2D4200395557 /* ViewComponents */ = {
			isa = PBXGroup;
			children = (
				DD6C16EF210B217A002CB031 /* ViewComponent.swift */,
				DD9C6AEF210AC087001E4982 /* NodeInspector */,
				DD6CC44A2109C3CD009284C6 /* ColorPicker */,
				DD6CC4202109A7CF009284C6 /* SceneInspector */,
				DDFC63E320F1FE5900109EC5 /* Cells */,
				DDEF326C20E75C6400FEE793 /* DoneView.swift */,
				DDFC63E820F87E2300109EC5 /* RecentsCollectionReusableView.swift */,
			);
			path = ViewComponents;
			sourceTree = "<group>";
		};
		DD638DBE20AC2D4800395557 /* Scenes */ = {
			isa = PBXGroup;
			children = (
				DD20F68B20673184005E838C /* GridScene.swift */,
				DDEF325D20DF776100FEE793 /* Box.scn */,
				DDEF326020DF797F00FEE793 /* Pyramid.scn */,
			);
			path = Scenes;
			sourceTree = "<group>";
		};
		DD638DBF20AC2D9C00395557 /* Models */ = {
			isa = PBXGroup;
			children = (
				DDEF325B20DF70CF00FEE793 /* Model.swift */,
			);
			path = Models;
			sourceTree = "<group>";
		};
		DD638DC020AC2DA200395557 /* Presenter */ = {
			isa = PBXGroup;
			children = (
				DD6CC451210AB626009284C6 /* Presenter.swift */,
			);
			path = Presenter;
			sourceTree = "<group>";
		};
		DD638DC320AC2E0800395557 /* ViewModels */ = {
			isa = PBXGroup;
			children = (
				DD638DC120AC2E0200395557 /* GameViewModel.swift */,
				DD638DC420AC2E1800395557 /* PopoverMenuViewModel.swift */,
				DDEF326620E618AF00FEE793 /* ObjectAttributeViewModel.swift */,
			);
			path = ViewModels;
			sourceTree = "<group>";
		};
		DD638DC820AC64E800395557 /* Extensions */ = {
			isa = PBXGroup;
			children = (
				DD6CC42E2109B4E2009284C6 /* UIKit */,
				DD6CC42F2109B4E7009284C6 /* SceneKit */,
			);
			path = Extensions;
			sourceTree = "<group>";
		};
		DD68C21D211073530061100F /* Components */ = {
			isa = PBXGroup;
			children = (
				DD68C21E2110735C0061100F /* Node.swift */,
				DD68C220211076690061100F /* Scene.swift */,
			);
			path = Components;
			sourceTree = "<group>";
		};
		DD6C16F3210B2343002CB031 /* Presentable */ = {
			isa = PBXGroup;
			children = (
				DD6C16F1210B233C002CB031 /* NodeInspectorPresentableView.swift */,
			);
			path = Presentable;
			sourceTree = "<group>";
		};
		DD6C16F6210B2426002CB031 /* Cell */ = {
			isa = PBXGroup;
			children = (
				DD6C16F4210B2423002CB031 /* NodeColorCell.swift */,
			);
			path = Cell;
			sourceTree = "<group>";
		};
		DD6C16F9210B32DA002CB031 /* Model */ = {
			isa = PBXGroup;
			children = (
				DD6C16F7210B32D5002CB031 /* NodeInspectorViewModel.swift */,
			);
			path = Model;
			sourceTree = "<group>";
		};
		DD6C16FA210C159C002CB031 /* Scene */ = {
			isa = PBXGroup;
			children = (
				DD51FEFD208818ED00A0D857 /* SceneViewController.swift */,
			);
			path = Scene;
			sourceTree = "<group>";
		};
		DD6C16FB210C15A1002CB031 /* Menu */ = {
			isa = PBXGroup;
			children = (
				DD5D15FD20AFCC9600935E9E /* MenuViewController.swift */,
			);
			path = Menu;
			sourceTree = "<group>";
		};
		DD6C16FE210C16F3002CB031 /* ColorPicker */ = {
			isa = PBXGroup;
			children = (
				DD6C16FC210C16EF002CB031 /* ColorPickerViewController.swift */,
			);
			path = ColorPicker;
			sourceTree = "<group>";
		};
		DD6CC41D2109A685009284C6 /* SceneInspectorView */ = {
			isa = PBXGroup;
			children = (
				DDFC63EC20F9CDCC00109EC5 /* SceneInspectorView.swift */,
			);
			path = SceneInspectorView;
			sourceTree = "<group>";
		};
		DD6CC4202109A7CF009284C6 /* SceneInspector */ = {
			isa = PBXGroup;
			children = (
				DD9C6AF5210AF4C2001E4982 /* Presentable */,
				DD6CC4212109AB2A009284C6 /* Cell */,
				DD6CC41D2109A685009284C6 /* SceneInspectorView */,
				DD6CC4242109B0D5009284C6 /* Model */,
			);
			path = SceneInspector;
			sourceTree = "<group>";
		};
		DD6CC4212109AB2A009284C6 /* Cell */ = {
			isa = PBXGroup;
			children = (
				DD6CC44D2109C6AE009284C6 /* SceneBackgroundColorCell.swift */,
			);
			path = Cell;
			sourceTree = "<group>";
		};
		DD6CC4242109B0D5009284C6 /* Model */ = {
			isa = PBXGroup;
			children = (
				DD6CC4222109B0D2009284C6 /* SceneInspectorViewModel.swift */,
			);
			path = Model;
			sourceTree = "<group>";
		};
		DD6CC4292109B39F009284C6 /* DNA */ = {
			isa = PBXGroup;
			children = (
				DD6CC42A2109B3A5009284C6 /* Color */,
			);
			path = DNA;
			sourceTree = "<group>";
		};
		DD6CC42A2109B3A5009284C6 /* Color */ = {
			isa = PBXGroup;
			children = (
				DD6CC4272109B396009284C6 /* Color.swift */,
			);
			path = Color;
			sourceTree = "<group>";
		};
		DD6CC42E2109B4E2009284C6 /* UIKit */ = {
			isa = PBXGroup;
			children = (
				DD6CC42B2109B4C4009284C6 /* UIViewExtensions.swift */,
				DD6CC4302109B54E009284C6 /* UIEdgeInsetsExtensions.swift */,
				DD2A55ED20DE3BD100EA00ED /* UICollectionViewExtensions.swift */,
				DD6CC4322109B94D009284C6 /* UITableViewExtensions.swift */,
			);
			path = UIKit;
			sourceTree = "<group>";
		};
		DD6CC42F2109B4E7009284C6 /* SceneKit */ = {
			isa = PBXGroup;
			children = (
				DD6CC44F210A111A009284C6 /* SCNSceneExtensions.swift */,
				DD638DC620AC5E0300395557 /* SCNodeExtensions.swift */,
			);
			path = SceneKit;
			sourceTree = "<group>";
		};
		DD6CC44A2109C3CD009284C6 /* ColorPicker */ = {
			isa = PBXGroup;
			children = (
				DD6CC44C2109C3F6009284C6 /* ColorPickerView */,
			);
			path = ColorPicker;
			sourceTree = "<group>";
		};
		DD6CC44C2109C3F6009284C6 /* ColorPickerView */ = {
			isa = PBXGroup;
			children = (
				DDFC63E420F5DD0E00109EC5 /* ColorPickerView.swift */,
			);
			path = ColorPickerView;
			sourceTree = "<group>";
		};
		DD9C6AEF210AC087001E4982 /* NodeInspector */ = {
			isa = PBXGroup;
			children = (
				DD6C16F3210B2343002CB031 /* Presentable */,
				DD9C6AF0210AC0FB001E4982 /* NodeInspectorView */,
				DD6C16F6210B2426002CB031 /* Cell */,
				DD6C16F9210B32DA002CB031 /* Model */,
			);
			path = NodeInspector;
			sourceTree = "<group>";
		};
		DD9C6AF0210AC0FB001E4982 /* NodeInspectorView */ = {
			isa = PBXGroup;
			children = (
				DD9C6AED210AC07F001E4982 /* NodeInspectorView.swift */,
			);
			path = NodeInspectorView;
			sourceTree = "<group>";
		};
		DD9C6AF5210AF4C2001E4982 /* Presentable */ = {
			isa = PBXGroup;
			children = (
				DD9C6AF3210AC920001E4982 /* SceneInspectorPresentableView.swift */,
			);
			path = Presentable;
			sourceTree = "<group>";
		};
		DD9C6AF6210B0A43001E4982 /* AttributeInspector */ = {
			isa = PBXGroup;
			children = (
				DD9C6AEB210ABC54001E4982 /* AttributesInspectorViewController.swift */,
			);
			path = AttributeInspector;
			sourceTree = "<group>";
		};
		DDA37E7D20DD343D005A340C /* Storyboard */ = {
			isa = PBXGroup;
			children = (
				DD20F66D20672FBD005E838C /* Main.storyboard */,
				DD20F67220672FBD005E838C /* LaunchScreen.storyboard */,
			);
			path = Storyboard;
			sourceTree = "<group>";
		};
		DDFC63E320F1FE5900109EC5 /* Cells */ = {
			isa = PBXGroup;
			children = (
				DD638DB820ABD44200395557 /* PopoverMenuCell.swift */,
				DD2A55EB20DE31FB00EA00ED /* ObjectCatalogCell.swift */,
				DD9C6AF1210AC1BB001E4982 /* SceneDocumentCell.swift */,
			);
			path = Cells;
			sourceTree = "<group>";
		};
/* End PBXGroup section */

/* Begin PBXNativeTarget section */
		DD20F66320672FBD005E838C /* SceneKit-Grid-Experiment */ = {
			isa = PBXNativeTarget;
			buildConfigurationList = DD20F68320672FBD005E838C /* Build configuration list for PBXNativeTarget "SceneKit-Grid-Experiment" */;
			buildPhases = (
				DD20F66020672FBD005E838C /* Sources */,
				DD20F66120672FBD005E838C /* Frameworks */,
				DD20F66220672FBD005E838C /* Resources */,
			);
			buildRules = (
			);
			dependencies = (
			);
			name = "SceneKit-Grid-Experiment";
			productName = "SceneKit-Grid-Experiment";
			productReference = DD20F66420672FBD005E838C /* SceneKit-Grid-Experiment.app */;
			productType = "com.apple.product-type.application";
		};
		DD20F67920672FBD005E838C /* SceneKit-Grid-ExperimentTests */ = {
			isa = PBXNativeTarget;
			buildConfigurationList = DD20F68620672FBD005E838C /* Build configuration list for PBXNativeTarget "SceneKit-Grid-ExperimentTests" */;
			buildPhases = (
				DD20F67620672FBD005E838C /* Sources */,
				DD20F67720672FBD005E838C /* Frameworks */,
				DD20F67820672FBD005E838C /* Resources */,
			);
			buildRules = (
			);
			dependencies = (
				DD20F67C20672FBD005E838C /* PBXTargetDependency */,
			);
			name = "SceneKit-Grid-ExperimentTests";
			productName = "SceneKit-Grid-ExperimentTests";
			productReference = DD20F67A20672FBD005E838C /* SceneKit-Grid-ExperimentTests.xctest */;
			productType = "com.apple.product-type.bundle.unit-test";
		};
/* End PBXNativeTarget section */

/* Begin PBXProject section */
		DD20F65C20672FBD005E838C /* Project object */ = {
			isa = PBXProject;
			attributes = {
				LastSwiftUpdateCheck = 0920;
				LastUpgradeCheck = 0930;
				ORGANIZATIONNAME = "Trevin Wisaksana";
				TargetAttributes = {
					DD20F66320672FBD005E838C = {
						CreatedOnToolsVersion = 9.2;
						ProvisioningStyle = Automatic;
					};
					DD20F67920672FBD005E838C = {
						CreatedOnToolsVersion = 9.2;
						ProvisioningStyle = Automatic;
						TestTargetID = DD20F66320672FBD005E838C;
					};
				};
			};
			buildConfigurationList = DD20F65F20672FBD005E838C /* Build configuration list for PBXProject "SceneKit-Grid-Experiment" */;
			compatibilityVersion = "Xcode 8.0";
			developmentRegion = en;
			hasScannedForEncodings = 0;
			knownRegions = (
				en,
				Base,
			);
			mainGroup = DD20F65B20672FBD005E838C;
			productRefGroup = DD20F66520672FBD005E838C /* Products */;
			projectDirPath = "";
			projectRoot = "";
			targets = (
				DD20F66320672FBD005E838C /* SceneKit-Grid-Experiment */,
				DD20F67920672FBD005E838C /* SceneKit-Grid-ExperimentTests */,
			);
		};
/* End PBXProject section */

/* Begin PBXResourcesBuildPhase section */
		DD20F66220672FBD005E838C /* Resources */ = {
			isa = PBXResourcesBuildPhase;
			buildActionMask = 2147483647;
			files = (
				DDEF326120DF797F00FEE793 /* Pyramid.scn in Resources */,
				DD20F67420672FBD005E838C /* LaunchScreen.storyboard in Resources */,
				DDEF325E20DF776100FEE793 /* Box.scn in Resources */,
				DD20F67120672FBD005E838C /* Assets.xcassets in Resources */,
				DD20F66F20672FBD005E838C /* Main.storyboard in Resources */,
			);
			runOnlyForDeploymentPostprocessing = 0;
		};
		DD20F67820672FBD005E838C /* Resources */ = {
			isa = PBXResourcesBuildPhase;
			buildActionMask = 2147483647;
			files = (
			);
			runOnlyForDeploymentPostprocessing = 0;
		};
/* End PBXResourcesBuildPhase section */

/* Begin PBXSourcesBuildPhase section */
		DD20F66020672FBD005E838C /* Sources */ = {
			isa = PBXSourcesBuildPhase;
			buildActionMask = 2147483647;
			files = (
				DD638DB920ABD44200395557 /* PopoverMenuCell.swift in Sources */,
				DDEF326720E618AF00FEE793 /* ObjectAttributeViewModel.swift in Sources */,
				DDEF326D20E75C6400FEE793 /* DoneView.swift in Sources */,
				DD638DC520AC2E1800395557 /* PopoverMenuViewModel.swift in Sources */,
				DD638DC720AC5E0300395557 /* SCNodeExtensions.swift in Sources */,
				DD51FEFE208818ED00A0D857 /* SceneViewController.swift in Sources */,
				DDFC63ED20F9CDCC00109EC5 /* SceneInspectorView.swift in Sources */,
				DD5D15FE20AFCC9600935E9E /* MenuViewController.swift in Sources */,
				DD20F66820672FBD005E838C /* AppDelegate.swift in Sources */,
				DD9C6AEE210AC07F001E4982 /* NodeInspectorView.swift in Sources */,
				DD20F68C20673184005E838C /* GridScene.swift in Sources */,
				DD6C16FD210C16EF002CB031 /* ColorPickerViewController.swift in Sources */,
				DD6C16F5210B2423002CB031 /* NodeColorCell.swift in Sources */,
				DD6CC44E2109C6AE009284C6 /* SceneBackgroundColorCell.swift in Sources */,
				DD6C16F2210B233D002CB031 /* NodeInspectorPresentableView.swift in Sources */,
				DD2A55E920DE12AA00EA00ED /* Constants.swift in Sources */,
				DD6CC450210A111A009284C6 /* SCNSceneExtensions.swift in Sources */,
				DD68C221211076690061100F /* Scene.swift in Sources */,
				DD68C21F2110735C0061100F /* Node.swift in Sources */,
				DD6C16F0210B217A002CB031 /* ViewComponent.swift in Sources */,
				DD2A55E720DD34EF00EA00ED /* ObjectCatalogViewController.swift in Sources */,
				DD6CC42C2109B4C5009284C6 /* UIViewExtensions.swift in Sources */,
				DDFC63E920F87E2300109EC5 /* RecentsCollectionReusableView.swift in Sources */,
				DD638DC220AC2E0200395557 /* GameViewModel.swift in Sources */,
				DD6CC4332109B94D009284C6 /* UITableViewExtensions.swift in Sources */,
				DD2A55EC20DE31FB00EA00ED /* ObjectCatalogCell.swift in Sources */,
				DD6CC452210AB626009284C6 /* Presenter.swift in Sources */,
				DD6CC4282109B396009284C6 /* Color.swift in Sources */,
				DD638DB720AACA1700395557 /* PopoverMenuViewController.swift in Sources */,
				DDFC63E520F5DD0E00109EC5 /* ColorPickerView.swift in Sources */,
				DD68C21A2110688A0061100F /* State.swift in Sources */,
				DD2A55EE20DE3BD200EA00ED /* UICollectionViewExtensions.swift in Sources */,
				DDEF325C20DF70CF00FEE793 /* Model.swift in Sources */,
				DD6CC4232109B0D2009284C6 /* SceneInspectorViewModel.swift in Sources */,
				DD6CC4312109B54F009284C6 /* UIEdgeInsetsExtensions.swift in Sources */,
				DD6C16F8210B32D5002CB031 /* NodeInspectorViewModel.swift in Sources */,
				DD9C6AEC210ABC54001E4982 /* AttributesInspectorViewController.swift in Sources */,
				DD9C6AF4210AC920001E4982 /* SceneInspectorPresentableView.swift in Sources */,
				DD9C6AF2210AC1BB001E4982 /* SceneDocumentCell.swift in Sources */,
			);
			runOnlyForDeploymentPostprocessing = 0;
		};
		DD20F67620672FBD005E838C /* Sources */ = {
			isa = PBXSourcesBuildPhase;
			buildActionMask = 2147483647;
			files = (
			);
			runOnlyForDeploymentPostprocessing = 0;
		};
/* End PBXSourcesBuildPhase section */

/* Begin PBXTargetDependency section */
		DD20F67C20672FBD005E838C /* PBXTargetDependency */ = {
			isa = PBXTargetDependency;
			target = DD20F66320672FBD005E838C /* SceneKit-Grid-Experiment */;
			targetProxy = DD20F67B20672FBD005E838C /* PBXContainerItemProxy */;
		};
/* End PBXTargetDependency section */

/* Begin PBXVariantGroup section */
		DD20F66D20672FBD005E838C /* Main.storyboard */ = {
			isa = PBXVariantGroup;
			children = (
				DD20F66E20672FBD005E838C /* Base */,
			);
			name = Main.storyboard;
			sourceTree = "<group>";
		};
		DD20F67220672FBD005E838C /* LaunchScreen.storyboard */ = {
			isa = PBXVariantGroup;
			children = (
				DD20F67320672FBD005E838C /* Base */,
			);
			name = LaunchScreen.storyboard;
			sourceTree = "<group>";
		};
/* End PBXVariantGroup section */

/* Begin XCBuildConfiguration section */
		DD20F68120672FBD005E838C /* Debug */ = {
			isa = XCBuildConfiguration;
			buildSettings = {
				ALWAYS_SEARCH_USER_PATHS = NO;
				CLANG_ANALYZER_NONNULL = YES;
				CLANG_ANALYZER_NUMBER_OBJECT_CONVERSION = YES_AGGRESSIVE;
				CLANG_CXX_LANGUAGE_STANDARD = "gnu++14";
				CLANG_CXX_LIBRARY = "libc++";
				CLANG_ENABLE_MODULES = YES;
				CLANG_ENABLE_OBJC_ARC = YES;
				CLANG_WARN_BLOCK_CAPTURE_AUTORELEASING = YES;
				CLANG_WARN_BOOL_CONVERSION = YES;
				CLANG_WARN_COMMA = YES;
				CLANG_WARN_CONSTANT_CONVERSION = YES;
				CLANG_WARN_DEPRECATED_OBJC_IMPLEMENTATIONS = YES;
				CLANG_WARN_DIRECT_OBJC_ISA_USAGE = YES_ERROR;
				CLANG_WARN_DOCUMENTATION_COMMENTS = YES;
				CLANG_WARN_EMPTY_BODY = YES;
				CLANG_WARN_ENUM_CONVERSION = YES;
				CLANG_WARN_INFINITE_RECURSION = YES;
				CLANG_WARN_INT_CONVERSION = YES;
				CLANG_WARN_NON_LITERAL_NULL_CONVERSION = YES;
				CLANG_WARN_OBJC_IMPLICIT_RETAIN_SELF = YES;
				CLANG_WARN_OBJC_LITERAL_CONVERSION = YES;
				CLANG_WARN_OBJC_ROOT_CLASS = YES_ERROR;
				CLANG_WARN_RANGE_LOOP_ANALYSIS = YES;
				CLANG_WARN_STRICT_PROTOTYPES = YES;
				CLANG_WARN_SUSPICIOUS_MOVE = YES;
				CLANG_WARN_UNGUARDED_AVAILABILITY = YES_AGGRESSIVE;
				CLANG_WARN_UNREACHABLE_CODE = YES;
				CLANG_WARN__DUPLICATE_METHOD_MATCH = YES;
				CODE_SIGN_IDENTITY = "iPhone Developer";
				COPY_PHASE_STRIP = NO;
				DEBUG_INFORMATION_FORMAT = dwarf;
				ENABLE_STRICT_OBJC_MSGSEND = YES;
				ENABLE_TESTABILITY = YES;
				GCC_C_LANGUAGE_STANDARD = gnu11;
				GCC_DYNAMIC_NO_PIC = NO;
				GCC_NO_COMMON_BLOCKS = YES;
				GCC_OPTIMIZATION_LEVEL = 0;
				GCC_PREPROCESSOR_DEFINITIONS = (
					"DEBUG=1",
					"$(inherited)",
				);
				GCC_WARN_64_TO_32_BIT_CONVERSION = YES;
				GCC_WARN_ABOUT_RETURN_TYPE = YES_ERROR;
				GCC_WARN_UNDECLARED_SELECTOR = YES;
				GCC_WARN_UNINITIALIZED_AUTOS = YES_AGGRESSIVE;
				GCC_WARN_UNUSED_FUNCTION = YES;
				GCC_WARN_UNUSED_VARIABLE = YES;
				IPHONEOS_DEPLOYMENT_TARGET = 11.2;
				MTL_ENABLE_DEBUG_INFO = YES;
				ONLY_ACTIVE_ARCH = YES;
				SDKROOT = iphoneos;
				SWIFT_ACTIVE_COMPILATION_CONDITIONS = DEBUG;
				SWIFT_OPTIMIZATION_LEVEL = "-Onone";
			};
			name = Debug;
		};
		DD20F68220672FBD005E838C /* Release */ = {
			isa = XCBuildConfiguration;
			buildSettings = {
				ALWAYS_SEARCH_USER_PATHS = NO;
				CLANG_ANALYZER_NONNULL = YES;
				CLANG_ANALYZER_NUMBER_OBJECT_CONVERSION = YES_AGGRESSIVE;
				CLANG_CXX_LANGUAGE_STANDARD = "gnu++14";
				CLANG_CXX_LIBRARY = "libc++";
				CLANG_ENABLE_MODULES = YES;
				CLANG_ENABLE_OBJC_ARC = YES;
				CLANG_WARN_BLOCK_CAPTURE_AUTORELEASING = YES;
				CLANG_WARN_BOOL_CONVERSION = YES;
				CLANG_WARN_COMMA = YES;
				CLANG_WARN_CONSTANT_CONVERSION = YES;
				CLANG_WARN_DEPRECATED_OBJC_IMPLEMENTATIONS = YES;
				CLANG_WARN_DIRECT_OBJC_ISA_USAGE = YES_ERROR;
				CLANG_WARN_DOCUMENTATION_COMMENTS = YES;
				CLANG_WARN_EMPTY_BODY = YES;
				CLANG_WARN_ENUM_CONVERSION = YES;
				CLANG_WARN_INFINITE_RECURSION = YES;
				CLANG_WARN_INT_CONVERSION = YES;
				CLANG_WARN_NON_LITERAL_NULL_CONVERSION = YES;
				CLANG_WARN_OBJC_IMPLICIT_RETAIN_SELF = YES;
				CLANG_WARN_OBJC_LITERAL_CONVERSION = YES;
				CLANG_WARN_OBJC_ROOT_CLASS = YES_ERROR;
				CLANG_WARN_RANGE_LOOP_ANALYSIS = YES;
				CLANG_WARN_STRICT_PROTOTYPES = YES;
				CLANG_WARN_SUSPICIOUS_MOVE = YES;
				CLANG_WARN_UNGUARDED_AVAILABILITY = YES_AGGRESSIVE;
				CLANG_WARN_UNREACHABLE_CODE = YES;
				CLANG_WARN__DUPLICATE_METHOD_MATCH = YES;
				CODE_SIGN_IDENTITY = "iPhone Developer";
				COPY_PHASE_STRIP = NO;
				DEBUG_INFORMATION_FORMAT = "dwarf-with-dsym";
				ENABLE_NS_ASSERTIONS = NO;
				ENABLE_STRICT_OBJC_MSGSEND = YES;
				GCC_C_LANGUAGE_STANDARD = gnu11;
				GCC_NO_COMMON_BLOCKS = YES;
				GCC_WARN_64_TO_32_BIT_CONVERSION = YES;
				GCC_WARN_ABOUT_RETURN_TYPE = YES_ERROR;
				GCC_WARN_UNDECLARED_SELECTOR = YES;
				GCC_WARN_UNINITIALIZED_AUTOS = YES_AGGRESSIVE;
				GCC_WARN_UNUSED_FUNCTION = YES;
				GCC_WARN_UNUSED_VARIABLE = YES;
				IPHONEOS_DEPLOYMENT_TARGET = 11.2;
				MTL_ENABLE_DEBUG_INFO = NO;
				SDKROOT = iphoneos;
				SWIFT_OPTIMIZATION_LEVEL = "-Owholemodule";
				VALIDATE_PRODUCT = YES;
			};
			name = Release;
		};
		DD20F68420672FBD005E838C /* Debug */ = {
			isa = XCBuildConfiguration;
			buildSettings = {
				ASSETCATALOG_COMPILER_APPICON_NAME = AppIcon;
				CODE_SIGN_STYLE = Automatic;
				DEVELOPMENT_TEAM = 6XBYN74RRN;
				INFOPLIST_FILE = "SceneKit-Grid-Experiment/Info.plist";
				LD_RUNPATH_SEARCH_PATHS = "$(inherited) @executable_path/Frameworks";
				PRODUCT_BUNDLE_IDENTIFIER = "com.trevinwisaksana.SceneKit-Grid-Experiment";
				PRODUCT_NAME = "$(TARGET_NAME)";
				SWIFT_VERSION = 4.0;
				TARGETED_DEVICE_FAMILY = "1,2";
			};
			name = Debug;
		};
		DD20F68520672FBD005E838C /* Release */ = {
			isa = XCBuildConfiguration;
			buildSettings = {
				ASSETCATALOG_COMPILER_APPICON_NAME = AppIcon;
				CODE_SIGN_STYLE = Automatic;
				DEVELOPMENT_TEAM = 6XBYN74RRN;
				INFOPLIST_FILE = "SceneKit-Grid-Experiment/Info.plist";
				LD_RUNPATH_SEARCH_PATHS = "$(inherited) @executable_path/Frameworks";
				PRODUCT_BUNDLE_IDENTIFIER = "com.trevinwisaksana.SceneKit-Grid-Experiment";
				PRODUCT_NAME = "$(TARGET_NAME)";
				SWIFT_VERSION = 4.0;
				TARGETED_DEVICE_FAMILY = "1,2";
			};
			name = Release;
		};
		DD20F68720672FBD005E838C /* Debug */ = {
			isa = XCBuildConfiguration;
			buildSettings = {
				ALWAYS_EMBED_SWIFT_STANDARD_LIBRARIES = YES;
				BUNDLE_LOADER = "$(TEST_HOST)";
				CODE_SIGN_STYLE = Automatic;
				DEVELOPMENT_TEAM = 9ME882KZTA;
				INFOPLIST_FILE = "SceneKit-Grid-ExperimentTests/Info.plist";
				LD_RUNPATH_SEARCH_PATHS = "$(inherited) @executable_path/Frameworks @loader_path/Frameworks";
				PRODUCT_BUNDLE_IDENTIFIER = "com.trevinwisaksana.SceneKit-Grid-ExperimentTests";
				PRODUCT_NAME = "$(TARGET_NAME)";
				SWIFT_VERSION = 4.0;
				TARGETED_DEVICE_FAMILY = "1,2";
				TEST_HOST = "$(BUILT_PRODUCTS_DIR)/SceneKit-Grid-Experiment.app/SceneKit-Grid-Experiment";
			};
			name = Debug;
		};
		DD20F68820672FBD005E838C /* Release */ = {
			isa = XCBuildConfiguration;
			buildSettings = {
				ALWAYS_EMBED_SWIFT_STANDARD_LIBRARIES = YES;
				BUNDLE_LOADER = "$(TEST_HOST)";
				CODE_SIGN_STYLE = Automatic;
				DEVELOPMENT_TEAM = 9ME882KZTA;
				INFOPLIST_FILE = "SceneKit-Grid-ExperimentTests/Info.plist";
				LD_RUNPATH_SEARCH_PATHS = "$(inherited) @executable_path/Frameworks @loader_path/Frameworks";
				PRODUCT_BUNDLE_IDENTIFIER = "com.trevinwisaksana.SceneKit-Grid-ExperimentTests";
				PRODUCT_NAME = "$(TARGET_NAME)";
				SWIFT_VERSION = 4.0;
				TARGETED_DEVICE_FAMILY = "1,2";
				TEST_HOST = "$(BUILT_PRODUCTS_DIR)/SceneKit-Grid-Experiment.app/SceneKit-Grid-Experiment";
			};
			name = Release;
		};
/* End XCBuildConfiguration section */

/* Begin XCConfigurationList section */
		DD20F65F20672FBD005E838C /* Build configuration list for PBXProject "SceneKit-Grid-Experiment" */ = {
			isa = XCConfigurationList;
			buildConfigurations = (
				DD20F68120672FBD005E838C /* Debug */,
				DD20F68220672FBD005E838C /* Release */,
			);
			defaultConfigurationIsVisible = 0;
			defaultConfigurationName = Release;
		};
		DD20F68320672FBD005E838C /* Build configuration list for PBXNativeTarget "SceneKit-Grid-Experiment" */ = {
			isa = XCConfigurationList;
			buildConfigurations = (
				DD20F68420672FBD005E838C /* Debug */,
				DD20F68520672FBD005E838C /* Release */,
			);
			defaultConfigurationIsVisible = 0;
			defaultConfigurationName = Release;
		};
		DD20F68620672FBD005E838C /* Build configuration list for PBXNativeTarget "SceneKit-Grid-ExperimentTests" */ = {
			isa = XCConfigurationList;
			buildConfigurations = (
				DD20F68720672FBD005E838C /* Debug */,
				DD20F68820672FBD005E838C /* Release */,
			);
			defaultConfigurationIsVisible = 0;
			defaultConfigurationName = Release;
		};
/* End XCConfigurationList section */
	};
	rootObject = DD20F65C20672FBD005E838C /* Project object */;
}
